// !$*UTF8*$!
{
	archiveVersion = 1;
	classes = {
	};
	objectVersion = 56;
	objects = {

/* Begin PBXBuildFile section */
		3405401436F0A809F3C98313 /* Pods_WeddApp_WeddAppUITests.framework in Frameworks */ = {isa = PBXBuildFile; fileRef = 9A9DD3EAF1CBD3CACC12FFDF /* Pods_WeddApp_WeddAppUITests.framework */; };
		4D8355E763F7148C5CD926A0 /* Pods_WeddApp.framework in Frameworks */ = {isa = PBXBuildFile; fileRef = 33A11A33B1957263BE421667 /* Pods_WeddApp.framework */; };
		60509EE63DEB23DE66E382AC /* Pods_WeddAppTests.framework in Frameworks */ = {isa = PBXBuildFile; fileRef = 489568805C1953F203753049 /* Pods_WeddAppTests.framework */; };
		7D0465A42A7684A200F45C20 /* FormViewModel.swift in Sources */ = {isa = PBXBuildFile; fileRef = 7D0465A32A7684A200F45C20 /* FormViewModel.swift */; };
		7D0465A82A77C9B900F45C20 /* ImagePicker.swift in Sources */ = {isa = PBXBuildFile; fileRef = 7D0465A72A77C9B900F45C20 /* ImagePicker.swift */; };
		7D0F731B2A715C19005E66AF /* ViewModel.swift in Sources */ = {isa = PBXBuildFile; fileRef = 7D0F731A2A715C19005E66AF /* ViewModel.swift */; };
		7D2979182A70025A00A7629E /* FirebaseFirestore.framework in Frameworks */ = {isa = PBXBuildFile; fileRef = 7D2979172A70025A00A7629E /* FirebaseFirestore.framework */; };
		7D29791A2A70027D00A7629E /* FirebaseAuth.framework in Frameworks */ = {isa = PBXBuildFile; fileRef = 7D2979192A70027D00A7629E /* FirebaseAuth.framework */; };
		7D29791C2A70027D00A7629E /* FirebaseDatabase.framework in Frameworks */ = {isa = PBXBuildFile; fileRef = 7D29791B2A70027D00A7629E /* FirebaseDatabase.framework */; };
		7D29791E2A70027D00A7629E /* FirebaseFirestore.framework in Frameworks */ = {isa = PBXBuildFile; fileRef = 7D29791D2A70027D00A7629E /* FirebaseFirestore.framework */; };
		7D2979202A70032100A7629E /* WeddingTests.swift in Sources */ = {isa = PBXBuildFile; fileRef = 7D29791F2A70032100A7629E /* WeddingTests.swift */; };
		7D2979272A702D6700A7629E /* Network Errors.swift in Sources */ = {isa = PBXBuildFile; fileRef = 7D2979262A702D6700A7629E /* Network Errors.swift */; };
		7D2A9DC22A867CC000072067 /* MultiImagePicker.swift in Sources */ = {isa = PBXBuildFile; fileRef = 7D2A9DC12A867CC000072067 /* MultiImagePicker.swift */; };
		7D2B25042A793B210057D651 /* SignInScreen.swift in Sources */ = {isa = PBXBuildFile; fileRef = 7D2B25032A793B210057D651 /* SignInScreen.swift */; };
		7D2B25062A793B330057D651 /* SignUpScreen.swift in Sources */ = {isa = PBXBuildFile; fileRef = 7D2B25052A793B330057D651 /* SignUpScreen.swift */; };
		7D2D04C02A6EEDB1002467AF /* .gitignore in Resources */ = {isa = PBXBuildFile; fileRef = 7D2D04BF2A6EEDB1002467AF /* .gitignore */; };
		7D3055D02A599F3B00AA761B /* WeddAppApp.swift in Sources */ = {isa = PBXBuildFile; fileRef = 7D3055CF2A599F3B00AA761B /* WeddAppApp.swift */; };
		7D3055D22A599F3B00AA761B /* IntroductionPage.swift in Sources */ = {isa = PBXBuildFile; fileRef = 7D3055D12A599F3B00AA761B /* IntroductionPage.swift */; };
		7D3055D42A599F3B00AA761B /* Assets.xcassets in Resources */ = {isa = PBXBuildFile; fileRef = 7D3055D32A599F3B00AA761B /* Assets.xcassets */; };
		7D3055D72A599F3B00AA761B /* Preview Assets.xcassets in Resources */ = {isa = PBXBuildFile; fileRef = 7D3055D62A599F3B00AA761B /* Preview Assets.xcassets */; };
		7D3055D92A599F3B00AA761B /* Persistence.swift in Sources */ = {isa = PBXBuildFile; fileRef = 7D3055D82A599F3B00AA761B /* Persistence.swift */; };
		7D3055DC2A599F3B00AA761B /* WeddApp.xcdatamodeld in Sources */ = {isa = PBXBuildFile; fileRef = 7D3055DA2A599F3B00AA761B /* WeddApp.xcdatamodeld */; };
		7D3055E62A599F3B00AA761B /* WeddAppTests.swift in Sources */ = {isa = PBXBuildFile; fileRef = 7D3055E52A599F3B00AA761B /* WeddAppTests.swift */; };
		7D3055F02A599F3B00AA761B /* WeddAppUITests.swift in Sources */ = {isa = PBXBuildFile; fileRef = 7D3055EF2A599F3B00AA761B /* WeddAppUITests.swift */; };
		7D3055F22A599F3B00AA761B /* WeddAppUITestsLaunchTests.swift in Sources */ = {isa = PBXBuildFile; fileRef = 7D3055F12A599F3B00AA761B /* WeddAppUITestsLaunchTests.swift */; };
		7D3056002A59BD9C00AA761B /* Models.swift in Sources */ = {isa = PBXBuildFile; fileRef = 7D3055FF2A59BD9C00AA761B /* Models.swift */; };
		7D3056022A59BF2300AA761B /* TestModels.swift in Sources */ = {isa = PBXBuildFile; fileRef = 7D3056012A59BF2300AA761B /* TestModels.swift */; };
		7D3056052A59C02D00AA761B /* Utilities.swift in Sources */ = {isa = PBXBuildFile; fileRef = 7D3056042A59C02D00AA761B /* Utilities.swift */; };
		7D3056072A59C0C600AA761B /* Constants.swift in Sources */ = {isa = PBXBuildFile; fileRef = 7D3056062A59C0C600AA761B /* Constants.swift */; };
		7D30560A2A5AD2A700AA761B /* GalleryPage.swift in Sources */ = {isa = PBXBuildFile; fileRef = 7D3056092A5AD2A700AA761B /* GalleryPage.swift */; };
		7D30560E2A5AD8FD00AA761B /* HomePage.swift in Sources */ = {isa = PBXBuildFile; fileRef = 7D30560D2A5AD8FD00AA761B /* HomePage.swift */; };
		7D41A31E2A795407002A6EEB /* AuthScreen.swift in Sources */ = {isa = PBXBuildFile; fileRef = 7D41A31D2A795407002A6EEB /* AuthScreen.swift */; };
		7D4CD60A2A6BF23D00A390A1 /* PinKeyboardAndField.swift in Sources */ = {isa = PBXBuildFile; fileRef = 7D4CD6092A6BF23D00A390A1 /* PinKeyboardAndField.swift */; };
		7D8A44D02A8E2E1E00BFC35F /* WishPage.swift in Sources */ = {isa = PBXBuildFile; fileRef = 7D8A44CF2A8E2E1E00BFC35F /* WishPage.swift */; };
		7D90F8522A66D248006A6FF6 /* StoryPage.swift in Sources */ = {isa = PBXBuildFile; fileRef = 7D90F8512A66D248006A6FF6 /* StoryPage.swift */; };
		7D90F8552A672916006A6FF6 /* MessageCard.swift in Sources */ = {isa = PBXBuildFile; fileRef = 7D90F8542A672916006A6FF6 /* MessageCard.swift */; };
		7D90F8572A67292D006A6FF6 /* StoryCircle.swift in Sources */ = {isa = PBXBuildFile; fileRef = 7D90F8562A67292D006A6FF6 /* StoryCircle.swift */; };
		7D90F8592A672985006A6FF6 /* AnimatedBackground.swift in Sources */ = {isa = PBXBuildFile; fileRef = 7D90F8582A672985006A6FF6 /* AnimatedBackground.swift */; };
		7D90F85B2A6729C7006A6FF6 /* AnimatedText.swift in Sources */ = {isa = PBXBuildFile; fileRef = 7D90F85A2A6729C7006A6FF6 /* AnimatedText.swift */; };
		7D9C1D9A2A69633D008BF0CF /* AuthTests.swift in Sources */ = {isa = PBXBuildFile; fileRef = 7D9C1D982A69633C008BF0CF /* AuthTests.swift */; };
		7D9C1D9B2A69633D008BF0CF /* UserTests.swift in Sources */ = {isa = PBXBuildFile; fileRef = 7D9C1D992A69633D008BF0CF /* UserTests.swift */; };
		7DAA34D22A6FE35A00167B04 /* GoogleService-Info.plist in Resources */ = {isa = PBXBuildFile; fileRef = 7DAA34D12A6FE35A00167B04 /* GoogleService-Info.plist */; };
		7DAA34D32A6FE35A00167B04 /* GoogleService-Info.plist in Resources */ = {isa = PBXBuildFile; fileRef = 7DAA34D12A6FE35A00167B04 /* GoogleService-Info.plist */; };
		7DAAEA262A6AF558006F801C /* OtpScreen.swift in Sources */ = {isa = PBXBuildFile; fileRef = 7DAAEA252A6AF558006F801C /* OtpScreen.swift */; };
		7DAAEA272A6AF558006F801C /* OtpScreen.swift in Sources */ = {isa = PBXBuildFile; fileRef = 7DAAEA252A6AF558006F801C /* OtpScreen.swift */; };
		7DEAAF242A6E938A00EB3F00 /* TestScreen.swift in Sources */ = {isa = PBXBuildFile; fileRef = 7DEAAF232A6E938A00EB3F00 /* TestScreen.swift */; };
		7DFA37B62A6D61BA0056C490 /* Authentication.swift in Sources */ = {isa = PBXBuildFile; fileRef = 7DFA37B52A6D61BA0056C490 /* Authentication.swift */; };
		7DFA37B82A6D61C20056C490 /* User.swift in Sources */ = {isa = PBXBuildFile; fileRef = 7DFA37B72A6D61C20056C490 /* User.swift */; };
/* End PBXBuildFile section */

/* Begin PBXContainerItemProxy section */
		7D3055E22A599F3B00AA761B /* PBXContainerItemProxy */ = {
			isa = PBXContainerItemProxy;
			containerPortal = 7D3055C42A599F3B00AA761B /* Project object */;
			proxyType = 1;
			remoteGlobalIDString = 7D3055CB2A599F3B00AA761B;
			remoteInfo = WeddApp;
		};
		7D3055EC2A599F3B00AA761B /* PBXContainerItemProxy */ = {
			isa = PBXContainerItemProxy;
			containerPortal = 7D3055C42A599F3B00AA761B /* Project object */;
			proxyType = 1;
			remoteGlobalIDString = 7D3055CB2A599F3B00AA761B;
			remoteInfo = WeddApp;
		};
/* End PBXContainerItemProxy section */

/* Begin PBXFileReference section */
		06736CF649F42CF8E0FC2ADC /* Pods-WeddApp-WeddAppUITests.debug.xcconfig */ = {isa = PBXFileReference; includeInIndex = 1; lastKnownFileType = text.xcconfig; name = "Pods-WeddApp-WeddAppUITests.debug.xcconfig"; path = "Target Support Files/Pods-WeddApp-WeddAppUITests/Pods-WeddApp-WeddAppUITests.debug.xcconfig"; sourceTree = "<group>"; };
		2CCBE7CB69625FC1AC86D025 /* Pods-WeddAppTests.release.xcconfig */ = {isa = PBXFileReference; includeInIndex = 1; lastKnownFileType = text.xcconfig; name = "Pods-WeddAppTests.release.xcconfig"; path = "Target Support Files/Pods-WeddAppTests/Pods-WeddAppTests.release.xcconfig"; sourceTree = "<group>"; };
		33A11A33B1957263BE421667 /* Pods_WeddApp.framework */ = {isa = PBXFileReference; explicitFileType = wrapper.framework; includeInIndex = 0; path = Pods_WeddApp.framework; sourceTree = BUILT_PRODUCTS_DIR; };
		489568805C1953F203753049 /* Pods_WeddAppTests.framework */ = {isa = PBXFileReference; explicitFileType = wrapper.framework; includeInIndex = 0; path = Pods_WeddAppTests.framework; sourceTree = BUILT_PRODUCTS_DIR; };
		7D0465A32A7684A200F45C20 /* FormViewModel.swift */ = {isa = PBXFileReference; lastKnownFileType = sourcecode.swift; path = FormViewModel.swift; sourceTree = "<group>"; };
		7D0465A72A77C9B900F45C20 /* ImagePicker.swift */ = {isa = PBXFileReference; lastKnownFileType = sourcecode.swift; path = ImagePicker.swift; sourceTree = "<group>"; };
		7D0F731A2A715C19005E66AF /* ViewModel.swift */ = {isa = PBXFileReference; lastKnownFileType = sourcecode.swift; path = ViewModel.swift; sourceTree = "<group>"; };
		7D2979172A70025A00A7629E /* FirebaseFirestore.framework */ = {isa = PBXFileReference; explicitFileType = wrapper.framework; path = FirebaseFirestore.framework; sourceTree = BUILT_PRODUCTS_DIR; };
		7D2979192A70027D00A7629E /* FirebaseAuth.framework */ = {isa = PBXFileReference; explicitFileType = wrapper.framework; path = FirebaseAuth.framework; sourceTree = BUILT_PRODUCTS_DIR; };
		7D29791B2A70027D00A7629E /* FirebaseDatabase.framework */ = {isa = PBXFileReference; explicitFileType = wrapper.framework; path = FirebaseDatabase.framework; sourceTree = BUILT_PRODUCTS_DIR; };
		7D29791D2A70027D00A7629E /* FirebaseFirestore.framework */ = {isa = PBXFileReference; explicitFileType = wrapper.framework; path = FirebaseFirestore.framework; sourceTree = BUILT_PRODUCTS_DIR; };
		7D29791F2A70032100A7629E /* WeddingTests.swift */ = {isa = PBXFileReference; lastKnownFileType = sourcecode.swift; path = WeddingTests.swift; sourceTree = "<group>"; };
		7D2979262A702D6700A7629E /* Network Errors.swift */ = {isa = PBXFileReference; lastKnownFileType = sourcecode.swift; path = "Network Errors.swift"; sourceTree = "<group>"; };
		7D2A9DC12A867CC000072067 /* MultiImagePicker.swift */ = {isa = PBXFileReference; lastKnownFileType = sourcecode.swift; path = MultiImagePicker.swift; sourceTree = "<group>"; };
		7D2B25032A793B210057D651 /* SignInScreen.swift */ = {isa = PBXFileReference; lastKnownFileType = sourcecode.swift; path = SignInScreen.swift; sourceTree = "<group>"; };
		7D2B25052A793B330057D651 /* SignUpScreen.swift */ = {isa = PBXFileReference; lastKnownFileType = sourcecode.swift; path = SignUpScreen.swift; sourceTree = "<group>"; };
		7D2D04BF2A6EEDB1002467AF /* .gitignore */ = {isa = PBXFileReference; lastKnownFileType = text; path = .gitignore; sourceTree = "<group>"; };
		7D3055CC2A599F3B00AA761B /* WeddApp.app */ = {isa = PBXFileReference; explicitFileType = wrapper.application; includeInIndex = 0; path = WeddApp.app; sourceTree = BUILT_PRODUCTS_DIR; };
		7D3055CF2A599F3B00AA761B /* WeddAppApp.swift */ = {isa = PBXFileReference; lastKnownFileType = sourcecode.swift; path = WeddAppApp.swift; sourceTree = "<group>"; };
		7D3055D12A599F3B00AA761B /* IntroductionPage.swift */ = {isa = PBXFileReference; lastKnownFileType = sourcecode.swift; path = IntroductionPage.swift; sourceTree = "<group>"; };
		7D3055D32A599F3B00AA761B /* Assets.xcassets */ = {isa = PBXFileReference; lastKnownFileType = folder.assetcatalog; path = Assets.xcassets; sourceTree = "<group>"; };
		7D3055D62A599F3B00AA761B /* Preview Assets.xcassets */ = {isa = PBXFileReference; lastKnownFileType = folder.assetcatalog; path = "Preview Assets.xcassets"; sourceTree = "<group>"; };
		7D3055D82A599F3B00AA761B /* Persistence.swift */ = {isa = PBXFileReference; lastKnownFileType = sourcecode.swift; path = Persistence.swift; sourceTree = "<group>"; };
		7D3055DB2A599F3B00AA761B /* WeddApp.xcdatamodel */ = {isa = PBXFileReference; lastKnownFileType = wrapper.xcdatamodel; path = WeddApp.xcdatamodel; sourceTree = "<group>"; };
		7D3055E12A599F3B00AA761B /* WeddAppTests.xctest */ = {isa = PBXFileReference; explicitFileType = wrapper.cfbundle; includeInIndex = 0; path = WeddAppTests.xctest; sourceTree = BUILT_PRODUCTS_DIR; };
		7D3055E52A599F3B00AA761B /* WeddAppTests.swift */ = {isa = PBXFileReference; lastKnownFileType = sourcecode.swift; path = WeddAppTests.swift; sourceTree = "<group>"; };
		7D3055EB2A599F3B00AA761B /* WeddAppUITests.xctest */ = {isa = PBXFileReference; explicitFileType = wrapper.cfbundle; includeInIndex = 0; path = WeddAppUITests.xctest; sourceTree = BUILT_PRODUCTS_DIR; };
		7D3055EF2A599F3B00AA761B /* WeddAppUITests.swift */ = {isa = PBXFileReference; lastKnownFileType = sourcecode.swift; path = WeddAppUITests.swift; sourceTree = "<group>"; };
		7D3055F12A599F3B00AA761B /* WeddAppUITestsLaunchTests.swift */ = {isa = PBXFileReference; lastKnownFileType = sourcecode.swift; path = WeddAppUITestsLaunchTests.swift; sourceTree = "<group>"; };
		7D3055FF2A59BD9C00AA761B /* Models.swift */ = {isa = PBXFileReference; lastKnownFileType = sourcecode.swift; path = Models.swift; sourceTree = "<group>"; };
		7D3056012A59BF2300AA761B /* TestModels.swift */ = {isa = PBXFileReference; lastKnownFileType = sourcecode.swift; path = TestModels.swift; sourceTree = "<group>"; };
		7D3056042A59C02D00AA761B /* Utilities.swift */ = {isa = PBXFileReference; lastKnownFileType = sourcecode.swift; path = Utilities.swift; sourceTree = "<group>"; };
		7D3056062A59C0C600AA761B /* Constants.swift */ = {isa = PBXFileReference; lastKnownFileType = sourcecode.swift; path = Constants.swift; sourceTree = "<group>"; };
		7D3056092A5AD2A700AA761B /* GalleryPage.swift */ = {isa = PBXFileReference; lastKnownFileType = sourcecode.swift; path = GalleryPage.swift; sourceTree = "<group>"; };
		7D30560D2A5AD8FD00AA761B /* HomePage.swift */ = {isa = PBXFileReference; lastKnownFileType = sourcecode.swift; path = HomePage.swift; sourceTree = "<group>"; };
		7D41A31D2A795407002A6EEB /* AuthScreen.swift */ = {isa = PBXFileReference; lastKnownFileType = sourcecode.swift; path = AuthScreen.swift; sourceTree = "<group>"; };
		7D4CD6092A6BF23D00A390A1 /* PinKeyboardAndField.swift */ = {isa = PBXFileReference; lastKnownFileType = sourcecode.swift; path = PinKeyboardAndField.swift; sourceTree = "<group>"; };
		7D8A44CF2A8E2E1E00BFC35F /* WishPage.swift */ = {isa = PBXFileReference; lastKnownFileType = sourcecode.swift; path = WishPage.swift; sourceTree = "<group>"; };
		7D90F8512A66D248006A6FF6 /* StoryPage.swift */ = {isa = PBXFileReference; lastKnownFileType = sourcecode.swift; path = StoryPage.swift; sourceTree = "<group>"; };
		7D90F8542A672916006A6FF6 /* MessageCard.swift */ = {isa = PBXFileReference; lastKnownFileType = sourcecode.swift; path = MessageCard.swift; sourceTree = "<group>"; };
		7D90F8562A67292D006A6FF6 /* StoryCircle.swift */ = {isa = PBXFileReference; lastKnownFileType = sourcecode.swift; path = StoryCircle.swift; sourceTree = "<group>"; };
		7D90F8582A672985006A6FF6 /* AnimatedBackground.swift */ = {isa = PBXFileReference; lastKnownFileType = sourcecode.swift; path = AnimatedBackground.swift; sourceTree = "<group>"; };
		7D90F85A2A6729C7006A6FF6 /* AnimatedText.swift */ = {isa = PBXFileReference; lastKnownFileType = sourcecode.swift; path = AnimatedText.swift; sourceTree = "<group>"; };
		7D9C1D982A69633C008BF0CF /* AuthTests.swift */ = {isa = PBXFileReference; fileEncoding = 4; lastKnownFileType = sourcecode.swift; path = AuthTests.swift; sourceTree = "<group>"; };
		7D9C1D992A69633D008BF0CF /* UserTests.swift */ = {isa = PBXFileReference; fileEncoding = 4; lastKnownFileType = sourcecode.swift; path = UserTests.swift; sourceTree = "<group>"; };
		7DAA34D12A6FE35A00167B04 /* GoogleService-Info.plist */ = {isa = PBXFileReference; fileEncoding = 4; lastKnownFileType = text.plist.xml; path = "GoogleService-Info.plist"; sourceTree = "<group>"; };
		7DAAEA252A6AF558006F801C /* OtpScreen.swift */ = {isa = PBXFileReference; lastKnownFileType = sourcecode.swift; path = OtpScreen.swift; sourceTree = "<group>"; };
		7DEAAF232A6E938A00EB3F00 /* TestScreen.swift */ = {isa = PBXFileReference; lastKnownFileType = sourcecode.swift; path = TestScreen.swift; sourceTree = "<group>"; };
		7DFA37B52A6D61BA0056C490 /* Authentication.swift */ = {isa = PBXFileReference; fileEncoding = 4; lastKnownFileType = sourcecode.swift; path = Authentication.swift; sourceTree = "<group>"; };
		7DFA37B72A6D61C20056C490 /* User.swift */ = {isa = PBXFileReference; fileEncoding = 4; lastKnownFileType = sourcecode.swift; path = User.swift; sourceTree = "<group>"; };
		86EA0252B5261863F5AA6F5D /* Pods-WeddApp.debug.xcconfig */ = {isa = PBXFileReference; includeInIndex = 1; lastKnownFileType = text.xcconfig; name = "Pods-WeddApp.debug.xcconfig"; path = "Target Support Files/Pods-WeddApp/Pods-WeddApp.debug.xcconfig"; sourceTree = "<group>"; };
		9A9DD3EAF1CBD3CACC12FFDF /* Pods_WeddApp_WeddAppUITests.framework */ = {isa = PBXFileReference; explicitFileType = wrapper.framework; includeInIndex = 0; path = Pods_WeddApp_WeddAppUITests.framework; sourceTree = BUILT_PRODUCTS_DIR; };
		9DB7025DC5D7396A559D7D46 /* Pods-WeddApp.release.xcconfig */ = {isa = PBXFileReference; includeInIndex = 1; lastKnownFileType = text.xcconfig; name = "Pods-WeddApp.release.xcconfig"; path = "Target Support Files/Pods-WeddApp/Pods-WeddApp.release.xcconfig"; sourceTree = "<group>"; };
		CA535C59AEC59277B605A878 /* Pods-WeddAppTests.debug.xcconfig */ = {isa = PBXFileReference; includeInIndex = 1; lastKnownFileType = text.xcconfig; name = "Pods-WeddAppTests.debug.xcconfig"; path = "Target Support Files/Pods-WeddAppTests/Pods-WeddAppTests.debug.xcconfig"; sourceTree = "<group>"; };
		F00E061727C98B633755BBA3 /* Pods-WeddApp-WeddAppUITests.release.xcconfig */ = {isa = PBXFileReference; includeInIndex = 1; lastKnownFileType = text.xcconfig; name = "Pods-WeddApp-WeddAppUITests.release.xcconfig"; path = "Target Support Files/Pods-WeddApp-WeddAppUITests/Pods-WeddApp-WeddAppUITests.release.xcconfig"; sourceTree = "<group>"; };
/* End PBXFileReference section */

/* Begin PBXFrameworksBuildPhase section */
		7D3055C92A599F3B00AA761B /* Frameworks */ = {
			isa = PBXFrameworksBuildPhase;
			buildActionMask = 2147483647;
			files = (
				7D2979182A70025A00A7629E /* FirebaseFirestore.framework in Frameworks */,
				4D8355E763F7148C5CD926A0 /* Pods_WeddApp.framework in Frameworks */,
			);
			runOnlyForDeploymentPostprocessing = 0;
		};
		7D3055DE2A599F3B00AA761B /* Frameworks */ = {
			isa = PBXFrameworksBuildPhase;
			buildActionMask = 2147483647;
			files = (
				7D29791C2A70027D00A7629E /* FirebaseDatabase.framework in Frameworks */,
				60509EE63DEB23DE66E382AC /* Pods_WeddAppTests.framework in Frameworks */,
				7D29791A2A70027D00A7629E /* FirebaseAuth.framework in Frameworks */,
				7D29791E2A70027D00A7629E /* FirebaseFirestore.framework in Frameworks */,
			);
			runOnlyForDeploymentPostprocessing = 0;
		};
		7D3055E82A599F3B00AA761B /* Frameworks */ = {
			isa = PBXFrameworksBuildPhase;
			buildActionMask = 2147483647;
			files = (
				3405401436F0A809F3C98313 /* Pods_WeddApp_WeddAppUITests.framework in Frameworks */,
			);
			runOnlyForDeploymentPostprocessing = 0;
		};
/* End PBXFrameworksBuildPhase section */

/* Begin PBXGroup section */
		6B58486C185716144CB0F76D /* Frameworks */ = {
			isa = PBXGroup;
			children = (
				7D2979192A70027D00A7629E /* FirebaseAuth.framework */,
				7D29791B2A70027D00A7629E /* FirebaseDatabase.framework */,
				7D29791D2A70027D00A7629E /* FirebaseFirestore.framework */,
				7D2979172A70025A00A7629E /* FirebaseFirestore.framework */,
				33A11A33B1957263BE421667 /* Pods_WeddApp.framework */,
				9A9DD3EAF1CBD3CACC12FFDF /* Pods_WeddApp_WeddAppUITests.framework */,
				489568805C1953F203753049 /* Pods_WeddAppTests.framework */,
			);
			name = Frameworks;
			sourceTree = "<group>";
		};
		7D0465A52A7688BF00F45C20 /* Form Page */ = {
			isa = PBXGroup;
			children = (
				7D0465A32A7684A200F45C20 /* FormViewModel.swift */,
			);
			path = "Form Page";
			sourceTree = "<group>";
		};
		7D0465A62A77C9AA00F45C20 /* Image Picker */ = {
			isa = PBXGroup;
			children = (
				7D0465A72A77C9B900F45C20 /* ImagePicker.swift */,
				7D2A9DC12A867CC000072067 /* MultiImagePicker.swift */,
			);
			path = "Image Picker";
			sourceTree = "<group>";
		};
		7D0F73192A715C06005E66AF /* ViewModel */ = {
			isa = PBXGroup;
			children = (
				7D0F731A2A715C19005E66AF /* ViewModel.swift */,
			);
			path = ViewModel;
			sourceTree = "<group>";
		};
		7D2979252A702D4E00A7629E /* Custom Errors */ = {
			isa = PBXGroup;
			children = (
				7D2979262A702D6700A7629E /* Network Errors.swift */,
			);
			path = "Custom Errors";
			sourceTree = "<group>";
		};
		7D2B25022A793B0B0057D651 /* Auth Page */ = {
			isa = PBXGroup;
			children = (
				7D2B25032A793B210057D651 /* SignInScreen.swift */,
				7D2B25052A793B330057D651 /* SignUpScreen.swift */,
				7D41A31D2A795407002A6EEB /* AuthScreen.swift */,
			);
			path = "Auth Page";
			sourceTree = "<group>";
		};
		7D3055C32A599F3B00AA761B = {
			isa = PBXGroup;
			children = (
				7D2D04BF2A6EEDB1002467AF /* .gitignore */,
				7D3055CE2A599F3B00AA761B /* WeddApp */,
				7D3055E42A599F3B00AA761B /* WeddAppTests */,
				7D3055EE2A599F3B00AA761B /* WeddAppUITests */,
				7D3055CD2A599F3B00AA761B /* Products */,
				C5FB99CF84878CB003A8B3BB /* Pods */,
				6B58486C185716144CB0F76D /* Frameworks */,
			);
			sourceTree = "<group>";
		};
		7D3055CD2A599F3B00AA761B /* Products */ = {
			isa = PBXGroup;
			children = (
				7D3055CC2A599F3B00AA761B /* WeddApp.app */,
				7D3055E12A599F3B00AA761B /* WeddAppTests.xctest */,
				7D3055EB2A599F3B00AA761B /* WeddAppUITests.xctest */,
			);
			name = Products;
			sourceTree = "<group>";
		};
		7D3055CE2A599F3B00AA761B /* WeddApp */ = {
			isa = PBXGroup;
			children = (
				7DAA34D12A6FE35A00167B04 /* GoogleService-Info.plist */,
				7D3055CF2A599F3B00AA761B /* WeddAppApp.swift */,
				7D0F73192A715C06005E66AF /* ViewModel */,
				7D3056082A5AD28500AA761B /* View */,
				7D3056032A59C01E00AA761B /* Utils */,
				7D3055FE2A59BD7800AA761B /* Model */,
				7D3055D32A599F3B00AA761B /* Assets.xcassets */,
				7D3055D82A599F3B00AA761B /* Persistence.swift */,
				7D3055DA2A599F3B00AA761B /* WeddApp.xcdatamodeld */,
				7D3055D52A599F3B00AA761B /* Preview Content */,
			);
			path = WeddApp;
			sourceTree = "<group>";
		};
		7D3055D52A599F3B00AA761B /* Preview Content */ = {
			isa = PBXGroup;
			children = (
				7D3055D62A599F3B00AA761B /* Preview Assets.xcassets */,
			);
			path = "Preview Content";
			sourceTree = "<group>";
		};
		7D3055E42A599F3B00AA761B /* WeddAppTests */ = {
			isa = PBXGroup;
			children = (
				7D9C1D982A69633C008BF0CF /* AuthTests.swift */,
				7D9C1D992A69633D008BF0CF /* UserTests.swift */,
				7D29791F2A70032100A7629E /* WeddingTests.swift */,
				7D3055E52A599F3B00AA761B /* WeddAppTests.swift */,
			);
			path = WeddAppTests;
			sourceTree = "<group>";
		};
		7D3055EE2A599F3B00AA761B /* WeddAppUITests */ = {
			isa = PBXGroup;
			children = (
				7D3055EF2A599F3B00AA761B /* WeddAppUITests.swift */,
				7D3055F12A599F3B00AA761B /* WeddAppUITestsLaunchTests.swift */,
			);
			path = WeddAppUITests;
			sourceTree = "<group>";
		};
		7D3055FE2A59BD7800AA761B /* Model */ = {
			isa = PBXGroup;
			children = (
				7DFA37B52A6D61BA0056C490 /* Authentication.swift */,
				7DFA37B72A6D61C20056C490 /* User.swift */,
				7D3055FF2A59BD9C00AA761B /* Models.swift */,
				7D3056012A59BF2300AA761B /* TestModels.swift */,
			);
			path = Model;
			sourceTree = "<group>";
		};
		7D3056032A59C01E00AA761B /* Utils */ = {
			isa = PBXGroup;
			children = (
				7D0465A62A77C9AA00F45C20 /* Image Picker */,
				7D2979252A702D4E00A7629E /* Custom Errors */,
				7D90F8532A6728EA006A6FF6 /* UI Components */,
				7D3056042A59C02D00AA761B /* Utilities.swift */,
				7D3056062A59C0C600AA761B /* Constants.swift */,
			);
			path = Utils;
			sourceTree = "<group>";
		};
		7D3056082A5AD28500AA761B /* View */ = {
			isa = PBXGroup;
			children = (
				7D2B25022A793B0B0057D651 /* Auth Page */,
				7D0465A52A7688BF00F45C20 /* Form Page */,
				7DAAEA242A6AF541006F801C /* OTP Page */,
				7D30560D2A5AD8FD00AA761B /* HomePage.swift */,
				7D3055D12A599F3B00AA761B /* IntroductionPage.swift */,
				7D3056092A5AD2A700AA761B /* GalleryPage.swift */,
				7D90F8512A66D248006A6FF6 /* StoryPage.swift */,
				7DEAAF232A6E938A00EB3F00 /* TestScreen.swift */,
				7D8A44CF2A8E2E1E00BFC35F /* WishPage.swift */,
			);
			path = View;
			sourceTree = "<group>";
		};
		7D90F8532A6728EA006A6FF6 /* UI Components */ = {
			isa = PBXGroup;
			children = (
				7D90F8542A672916006A6FF6 /* MessageCard.swift */,
				7D90F8562A67292D006A6FF6 /* StoryCircle.swift */,
				7D90F8582A672985006A6FF6 /* AnimatedBackground.swift */,
				7D90F85A2A6729C7006A6FF6 /* AnimatedText.swift */,
				7D4CD6092A6BF23D00A390A1 /* PinKeyboardAndField.swift */,
			);
			path = "UI Components";
			sourceTree = "<group>";
		};
		7DAAEA242A6AF541006F801C /* OTP Page */ = {
			isa = PBXGroup;
			children = (
				7DAAEA252A6AF558006F801C /* OtpScreen.swift */,
			);
			path = "OTP Page";
			sourceTree = "<group>";
		};
		C5FB99CF84878CB003A8B3BB /* Pods */ = {
			isa = PBXGroup;
			children = (
				86EA0252B5261863F5AA6F5D /* Pods-WeddApp.debug.xcconfig */,
				9DB7025DC5D7396A559D7D46 /* Pods-WeddApp.release.xcconfig */,
				06736CF649F42CF8E0FC2ADC /* Pods-WeddApp-WeddAppUITests.debug.xcconfig */,
				F00E061727C98B633755BBA3 /* Pods-WeddApp-WeddAppUITests.release.xcconfig */,
				CA535C59AEC59277B605A878 /* Pods-WeddAppTests.debug.xcconfig */,
				2CCBE7CB69625FC1AC86D025 /* Pods-WeddAppTests.release.xcconfig */,
			);
			path = Pods;
			sourceTree = "<group>";
		};
/* End PBXGroup section */

/* Begin PBXNativeTarget section */
		7D3055CB2A599F3B00AA761B /* WeddApp */ = {
			isa = PBXNativeTarget;
			buildConfigurationList = 7D3055F52A599F3B00AA761B /* Build configuration list for PBXNativeTarget "WeddApp" */;
			buildPhases = (
				586FEEB14FFF859DB902C1AD /* [CP] Check Pods Manifest.lock */,
				7D3055C82A599F3B00AA761B /* Sources */,
				7D3055C92A599F3B00AA761B /* Frameworks */,
				7D3055CA2A599F3B00AA761B /* Resources */,
				F18EB693FEF1BADB24CE9556 /* [CP] Embed Pods Frameworks */,
			);
			buildRules = (
			);
			dependencies = (
			);
			name = WeddApp;
			productName = WeddApp;
			productReference = 7D3055CC2A599F3B00AA761B /* WeddApp.app */;
			productType = "com.apple.product-type.application";
		};
		7D3055E02A599F3B00AA761B /* WeddAppTests */ = {
			isa = PBXNativeTarget;
			buildConfigurationList = 7D3055F82A599F3B00AA761B /* Build configuration list for PBXNativeTarget "WeddAppTests" */;
			buildPhases = (
				D2EACD4E547FDF864E249CCC /* [CP] Check Pods Manifest.lock */,
				7D3055DD2A599F3B00AA761B /* Sources */,
				7D3055DE2A599F3B00AA761B /* Frameworks */,
				7D3055DF2A599F3B00AA761B /* Resources */,
			);
			buildRules = (
			);
			dependencies = (
				7D3055E32A599F3B00AA761B /* PBXTargetDependency */,
			);
			name = WeddAppTests;
			productName = WeddAppTests;
			productReference = 7D3055E12A599F3B00AA761B /* WeddAppTests.xctest */;
			productType = "com.apple.product-type.bundle.unit-test";
		};
		7D3055EA2A599F3B00AA761B /* WeddAppUITests */ = {
			isa = PBXNativeTarget;
			buildConfigurationList = 7D3055FB2A599F3B00AA761B /* Build configuration list for PBXNativeTarget "WeddAppUITests" */;
			buildPhases = (
				47E124A30B2600EEAC42A369 /* [CP] Check Pods Manifest.lock */,
				7D3055E72A599F3B00AA761B /* Sources */,
				7D3055E82A599F3B00AA761B /* Frameworks */,
				7D3055E92A599F3B00AA761B /* Resources */,
				5DB2C920FCC4074ADAA978A7 /* [CP] Embed Pods Frameworks */,
			);
			buildRules = (
			);
			dependencies = (
				7D3055ED2A599F3B00AA761B /* PBXTargetDependency */,
			);
			name = WeddAppUITests;
			productName = WeddAppUITests;
			productReference = 7D3055EB2A599F3B00AA761B /* WeddAppUITests.xctest */;
			productType = "com.apple.product-type.bundle.ui-testing";
		};
/* End PBXNativeTarget section */

/* Begin PBXProject section */
		7D3055C42A599F3B00AA761B /* Project object */ = {
			isa = PBXProject;
			attributes = {
				BuildIndependentTargetsInParallel = 1;
				LastSwiftUpdateCheck = 1420;
				LastUpgradeCheck = 1420;
				TargetAttributes = {
					7D3055CB2A599F3B00AA761B = {
						CreatedOnToolsVersion = 14.2;
					};
					7D3055E02A599F3B00AA761B = {
						CreatedOnToolsVersion = 14.2;
						TestTargetID = 7D3055CB2A599F3B00AA761B;
					};
					7D3055EA2A599F3B00AA761B = {
						CreatedOnToolsVersion = 14.2;
						TestTargetID = 7D3055CB2A599F3B00AA761B;
					};
				};
			};
			buildConfigurationList = 7D3055C72A599F3B00AA761B /* Build configuration list for PBXProject "WeddApp" */;
			compatibilityVersion = "Xcode 14.0";
			developmentRegion = en;
			hasScannedForEncodings = 0;
			knownRegions = (
				en,
				Base,
			);
			mainGroup = 7D3055C32A599F3B00AA761B;
			productRefGroup = 7D3055CD2A599F3B00AA761B /* Products */;
			projectDirPath = "";
			projectRoot = "";
			targets = (
				7D3055CB2A599F3B00AA761B /* WeddApp */,
				7D3055E02A599F3B00AA761B /* WeddAppTests */,
				7D3055EA2A599F3B00AA761B /* WeddAppUITests */,
			);
		};
/* End PBXProject section */

/* Begin PBXResourcesBuildPhase section */
		7D3055CA2A599F3B00AA761B /* Resources */ = {
			isa = PBXResourcesBuildPhase;
			buildActionMask = 2147483647;
			files = (
				7D2D04C02A6EEDB1002467AF /* .gitignore in Resources */,
				7DAA34D22A6FE35A00167B04 /* GoogleService-Info.plist in Resources */,
				7D3055D72A599F3B00AA761B /* Preview Assets.xcassets in Resources */,
				7D3055D42A599F3B00AA761B /* Assets.xcassets in Resources */,
			);
			runOnlyForDeploymentPostprocessing = 0;
		};
		7D3055DF2A599F3B00AA761B /* Resources */ = {
			isa = PBXResourcesBuildPhase;
			buildActionMask = 2147483647;
			files = (
				7DAA34D32A6FE35A00167B04 /* GoogleService-Info.plist in Resources */,
			);
			runOnlyForDeploymentPostprocessing = 0;
		};
		7D3055E92A599F3B00AA761B /* Resources */ = {
			isa = PBXResourcesBuildPhase;
			buildActionMask = 2147483647;
			files = (
			);
			runOnlyForDeploymentPostprocessing = 0;
		};
/* End PBXResourcesBuildPhase section */

/* Begin PBXShellScriptBuildPhase section */
		47E124A30B2600EEAC42A369 /* [CP] Check Pods Manifest.lock */ = {
			isa = PBXShellScriptBuildPhase;
			buildActionMask = 2147483647;
			files = (
			);
			inputFileListPaths = (
			);
			inputPaths = (
				"${PODS_PODFILE_DIR_PATH}/Podfile.lock",
				"${PODS_ROOT}/Manifest.lock",
			);
			name = "[CP] Check Pods Manifest.lock";
			outputFileListPaths = (
			);
			outputPaths = (
				"$(DERIVED_FILE_DIR)/Pods-WeddApp-WeddAppUITests-checkManifestLockResult.txt",
			);
			runOnlyForDeploymentPostprocessing = 0;
			shellPath = /bin/sh;
			shellScript = "diff \"${PODS_PODFILE_DIR_PATH}/Podfile.lock\" \"${PODS_ROOT}/Manifest.lock\" > /dev/null\nif [ $? != 0 ] ; then\n    # print error to STDERR\n    echo \"error: The sandbox is not in sync with the Podfile.lock. Run 'pod install' or update your CocoaPods installation.\" >&2\n    exit 1\nfi\n# This output is used by Xcode 'outputs' to avoid re-running this script phase.\necho \"SUCCESS\" > \"${SCRIPT_OUTPUT_FILE_0}\"\n";
			showEnvVarsInLog = 0;
		};
		586FEEB14FFF859DB902C1AD /* [CP] Check Pods Manifest.lock */ = {
			isa = PBXShellScriptBuildPhase;
			buildActionMask = 2147483647;
			files = (
			);
			inputFileListPaths = (
			);
			inputPaths = (
				"${PODS_PODFILE_DIR_PATH}/Podfile.lock",
				"${PODS_ROOT}/Manifest.lock",
			);
			name = "[CP] Check Pods Manifest.lock";
			outputFileListPaths = (
			);
			outputPaths = (
				"$(DERIVED_FILE_DIR)/Pods-WeddApp-checkManifestLockResult.txt",
			);
			runOnlyForDeploymentPostprocessing = 0;
			shellPath = /bin/sh;
			shellScript = "diff \"${PODS_PODFILE_DIR_PATH}/Podfile.lock\" \"${PODS_ROOT}/Manifest.lock\" > /dev/null\nif [ $? != 0 ] ; then\n    # print error to STDERR\n    echo \"error: The sandbox is not in sync with the Podfile.lock. Run 'pod install' or update your CocoaPods installation.\" >&2\n    exit 1\nfi\n# This output is used by Xcode 'outputs' to avoid re-running this script phase.\necho \"SUCCESS\" > \"${SCRIPT_OUTPUT_FILE_0}\"\n";
			showEnvVarsInLog = 0;
		};
		5DB2C920FCC4074ADAA978A7 /* [CP] Embed Pods Frameworks */ = {
			isa = PBXShellScriptBuildPhase;
			buildActionMask = 2147483647;
			files = (
			);
			inputFileListPaths = (
				"${PODS_ROOT}/Target Support Files/Pods-WeddApp-WeddAppUITests/Pods-WeddApp-WeddAppUITests-frameworks-${CONFIGURATION}-input-files.xcfilelist",
			);
			name = "[CP] Embed Pods Frameworks";
			outputFileListPaths = (
				"${PODS_ROOT}/Target Support Files/Pods-WeddApp-WeddAppUITests/Pods-WeddApp-WeddAppUITests-frameworks-${CONFIGURATION}-output-files.xcfilelist",
			);
			runOnlyForDeploymentPostprocessing = 0;
			shellPath = /bin/sh;
			shellScript = "\"${PODS_ROOT}/Target Support Files/Pods-WeddApp-WeddAppUITests/Pods-WeddApp-WeddAppUITests-frameworks.sh\"\n";
			showEnvVarsInLog = 0;
		};
		D2EACD4E547FDF864E249CCC /* [CP] Check Pods Manifest.lock */ = {
			isa = PBXShellScriptBuildPhase;
			buildActionMask = 2147483647;
			files = (
			);
			inputFileListPaths = (
			);
			inputPaths = (
				"${PODS_PODFILE_DIR_PATH}/Podfile.lock",
				"${PODS_ROOT}/Manifest.lock",
			);
			name = "[CP] Check Pods Manifest.lock";
			outputFileListPaths = (
			);
			outputPaths = (
				"$(DERIVED_FILE_DIR)/Pods-WeddAppTests-checkManifestLockResult.txt",
			);
			runOnlyForDeploymentPostprocessing = 0;
			shellPath = /bin/sh;
			shellScript = "diff \"${PODS_PODFILE_DIR_PATH}/Podfile.lock\" \"${PODS_ROOT}/Manifest.lock\" > /dev/null\nif [ $? != 0 ] ; then\n    # print error to STDERR\n    echo \"error: The sandbox is not in sync with the Podfile.lock. Run 'pod install' or update your CocoaPods installation.\" >&2\n    exit 1\nfi\n# This output is used by Xcode 'outputs' to avoid re-running this script phase.\necho \"SUCCESS\" > \"${SCRIPT_OUTPUT_FILE_0}\"\n";
			showEnvVarsInLog = 0;
		};
		F18EB693FEF1BADB24CE9556 /* [CP] Embed Pods Frameworks */ = {
			isa = PBXShellScriptBuildPhase;
			buildActionMask = 2147483647;
			files = (
			);
			inputFileListPaths = (
				"${PODS_ROOT}/Target Support Files/Pods-WeddApp/Pods-WeddApp-frameworks-${CONFIGURATION}-input-files.xcfilelist",
			);
			name = "[CP] Embed Pods Frameworks";
			outputFileListPaths = (
				"${PODS_ROOT}/Target Support Files/Pods-WeddApp/Pods-WeddApp-frameworks-${CONFIGURATION}-output-files.xcfilelist",
			);
			runOnlyForDeploymentPostprocessing = 0;
			shellPath = /bin/sh;
			shellScript = "\"${PODS_ROOT}/Target Support Files/Pods-WeddApp/Pods-WeddApp-frameworks.sh\"\n";
			showEnvVarsInLog = 0;
		};
/* End PBXShellScriptBuildPhase section */

/* Begin PBXSourcesBuildPhase section */
		7D3055C82A599F3B00AA761B /* Sources */ = {
			isa = PBXSourcesBuildPhase;
			buildActionMask = 2147483647;
			files = (
				7D3055D92A599F3B00AA761B /* Persistence.swift in Sources */,
				7D2A9DC22A867CC000072067 /* MultiImagePicker.swift in Sources */,
				7D90F85B2A6729C7006A6FF6 /* AnimatedText.swift in Sources */,
				7D3055DC2A599F3B00AA761B /* WeddApp.xcdatamodeld in Sources */,
				7DEAAF242A6E938A00EB3F00 /* TestScreen.swift in Sources */,
				7DFA37B62A6D61BA0056C490 /* Authentication.swift in Sources */,
				7D0F731B2A715C19005E66AF /* ViewModel.swift in Sources */,
				7D90F8522A66D248006A6FF6 /* StoryPage.swift in Sources */,
				7D3056052A59C02D00AA761B /* Utilities.swift in Sources */,
				7D3055D22A599F3B00AA761B /* IntroductionPage.swift in Sources */,
				7D90F8572A67292D006A6FF6 /* StoryCircle.swift in Sources */,
				7D3055D02A599F3B00AA761B /* WeddAppApp.swift in Sources */,
				7D4CD60A2A6BF23D00A390A1 /* PinKeyboardAndField.swift in Sources */,
				7D2979272A702D6700A7629E /* Network Errors.swift in Sources */,
				7D2B25062A793B330057D651 /* SignUpScreen.swift in Sources */,
				7D41A31E2A795407002A6EEB /* AuthScreen.swift in Sources */,
				7D30560E2A5AD8FD00AA761B /* HomePage.swift in Sources */,
				7D90F8592A672985006A6FF6 /* AnimatedBackground.swift in Sources */,
				7D90F8552A672916006A6FF6 /* MessageCard.swift in Sources */,
				7D2B25042A793B210057D651 /* SignInScreen.swift in Sources */,
				7D30560A2A5AD2A700AA761B /* GalleryPage.swift in Sources */,
				7D3056002A59BD9C00AA761B /* Models.swift in Sources */,
				7D3056022A59BF2300AA761B /* TestModels.swift in Sources */,
				7D3056072A59C0C600AA761B /* Constants.swift in Sources */,
				7D0465A42A7684A200F45C20 /* FormViewModel.swift in Sources */,
				7D8A44D02A8E2E1E00BFC35F /* WishPage.swift in Sources */,
				7D0465A82A77C9B900F45C20 /* ImagePicker.swift in Sources */,
				7DAAEA262A6AF558006F801C /* OtpScreen.swift in Sources */,
				7DFA37B82A6D61C20056C490 /* User.swift in Sources */,
			);
			runOnlyForDeploymentPostprocessing = 0;
		};
		7D3055DD2A599F3B00AA761B /* Sources */ = {
			isa = PBXSourcesBuildPhase;
			buildActionMask = 2147483647;
			files = (
				7D9C1D9B2A69633D008BF0CF /* UserTests.swift in Sources */,
				7DAAEA272A6AF558006F801C /* OtpScreen.swift in Sources */,
				7D3055E62A599F3B00AA761B /* WeddAppTests.swift in Sources */,
				7D9C1D9A2A69633D008BF0CF /* AuthTests.swift in Sources */,
				7D2979202A70032100A7629E /* WeddingTests.swift in Sources */,
			);
			runOnlyForDeploymentPostprocessing = 0;
		};
		7D3055E72A599F3B00AA761B /* Sources */ = {
			isa = PBXSourcesBuildPhase;
			buildActionMask = 2147483647;
			files = (
				7D3055F22A599F3B00AA761B /* WeddAppUITestsLaunchTests.swift in Sources */,
				7D3055F02A599F3B00AA761B /* WeddAppUITests.swift in Sources */,
			);
			runOnlyForDeploymentPostprocessing = 0;
		};
/* End PBXSourcesBuildPhase section */

/* Begin PBXTargetDependency section */
		7D3055E32A599F3B00AA761B /* PBXTargetDependency */ = {
			isa = PBXTargetDependency;
			target = 7D3055CB2A599F3B00AA761B /* WeddApp */;
			targetProxy = 7D3055E22A599F3B00AA761B /* PBXContainerItemProxy */;
		};
		7D3055ED2A599F3B00AA761B /* PBXTargetDependency */ = {
			isa = PBXTargetDependency;
			target = 7D3055CB2A599F3B00AA761B /* WeddApp */;
			targetProxy = 7D3055EC2A599F3B00AA761B /* PBXContainerItemProxy */;
		};
/* End PBXTargetDependency section */

/* Begin XCBuildConfiguration section */
		7D3055F32A599F3B00AA761B /* Debug */ = {
			isa = XCBuildConfiguration;
			buildSettings = {
				ALWAYS_SEARCH_USER_PATHS = NO;
				CLANG_ANALYZER_NONNULL = YES;
				CLANG_ANALYZER_NUMBER_OBJECT_CONVERSION = YES_AGGRESSIVE;
				CLANG_CXX_LANGUAGE_STANDARD = "gnu++20";
				CLANG_ENABLE_MODULES = YES;
				CLANG_ENABLE_OBJC_ARC = YES;
				CLANG_ENABLE_OBJC_WEAK = YES;
				CLANG_WARN_BLOCK_CAPTURE_AUTORELEASING = YES;
				CLANG_WARN_BOOL_CONVERSION = YES;
				CLANG_WARN_COMMA = YES;
				CLANG_WARN_CONSTANT_CONVERSION = YES;
				CLANG_WARN_DEPRECATED_OBJC_IMPLEMENTATIONS = YES;
				CLANG_WARN_DIRECT_OBJC_ISA_USAGE = YES_ERROR;
				CLANG_WARN_DOCUMENTATION_COMMENTS = YES;
				CLANG_WARN_EMPTY_BODY = YES;
				CLANG_WARN_ENUM_CONVERSION = YES;
				CLANG_WARN_INFINITE_RECURSION = YES;
				CLANG_WARN_INT_CONVERSION = YES;
				CLANG_WARN_NON_LITERAL_NULL_CONVERSION = YES;
				CLANG_WARN_OBJC_IMPLICIT_RETAIN_SELF = YES;
				CLANG_WARN_OBJC_LITERAL_CONVERSION = YES;
				CLANG_WARN_OBJC_ROOT_CLASS = YES_ERROR;
				CLANG_WARN_QUOTED_INCLUDE_IN_FRAMEWORK_HEADER = YES;
				CLANG_WARN_RANGE_LOOP_ANALYSIS = YES;
				CLANG_WARN_STRICT_PROTOTYPES = YES;
				CLANG_WARN_SUSPICIOUS_MOVE = YES;
				CLANG_WARN_UNGUARDED_AVAILABILITY = YES_AGGRESSIVE;
				CLANG_WARN_UNREACHABLE_CODE = YES;
				CLANG_WARN__DUPLICATE_METHOD_MATCH = YES;
				COPY_PHASE_STRIP = NO;
				DEBUG_INFORMATION_FORMAT = dwarf;
				ENABLE_STRICT_OBJC_MSGSEND = YES;
				ENABLE_TESTABILITY = YES;
				GCC_C_LANGUAGE_STANDARD = gnu11;
				GCC_DYNAMIC_NO_PIC = NO;
				GCC_NO_COMMON_BLOCKS = YES;
				GCC_OPTIMIZATION_LEVEL = 0;
				GCC_PREPROCESSOR_DEFINITIONS = (
					"DEBUG=1",
					"$(inherited)",
				);
				GCC_WARN_64_TO_32_BIT_CONVERSION = YES;
				GCC_WARN_ABOUT_RETURN_TYPE = YES_ERROR;
				GCC_WARN_UNDECLARED_SELECTOR = YES;
				GCC_WARN_UNINITIALIZED_AUTOS = YES_AGGRESSIVE;
				GCC_WARN_UNUSED_FUNCTION = YES;
				GCC_WARN_UNUSED_VARIABLE = YES;
				IPHONEOS_DEPLOYMENT_TARGET = 16.2;
				MTL_ENABLE_DEBUG_INFO = INCLUDE_SOURCE;
				MTL_FAST_MATH = YES;
				ONLY_ACTIVE_ARCH = YES;
				SDKROOT = iphoneos;
				SWIFT_ACTIVE_COMPILATION_CONDITIONS = DEBUG;
				SWIFT_OPTIMIZATION_LEVEL = "-Onone";
			};
			name = Debug;
		};
		7D3055F42A599F3B00AA761B /* Release */ = {
			isa = XCBuildConfiguration;
			buildSettings = {
				ALWAYS_SEARCH_USER_PATHS = NO;
				CLANG_ANALYZER_NONNULL = YES;
				CLANG_ANALYZER_NUMBER_OBJECT_CONVERSION = YES_AGGRESSIVE;
				CLANG_CXX_LANGUAGE_STANDARD = "gnu++20";
				CLANG_ENABLE_MODULES = YES;
				CLANG_ENABLE_OBJC_ARC = YES;
				CLANG_ENABLE_OBJC_WEAK = YES;
				CLANG_WARN_BLOCK_CAPTURE_AUTORELEASING = YES;
				CLANG_WARN_BOOL_CONVERSION = YES;
				CLANG_WARN_COMMA = YES;
				CLANG_WARN_CONSTANT_CONVERSION = YES;
				CLANG_WARN_DEPRECATED_OBJC_IMPLEMENTATIONS = YES;
				CLANG_WARN_DIRECT_OBJC_ISA_USAGE = YES_ERROR;
				CLANG_WARN_DOCUMENTATION_COMMENTS = YES;
				CLANG_WARN_EMPTY_BODY = YES;
				CLANG_WARN_ENUM_CONVERSION = YES;
				CLANG_WARN_INFINITE_RECURSION = YES;
				CLANG_WARN_INT_CONVERSION = YES;
				CLANG_WARN_NON_LITERAL_NULL_CONVERSION = YES;
				CLANG_WARN_OBJC_IMPLICIT_RETAIN_SELF = YES;
				CLANG_WARN_OBJC_LITERAL_CONVERSION = YES;
				CLANG_WARN_OBJC_ROOT_CLASS = YES_ERROR;
				CLANG_WARN_QUOTED_INCLUDE_IN_FRAMEWORK_HEADER = YES;
				CLANG_WARN_RANGE_LOOP_ANALYSIS = YES;
				CLANG_WARN_STRICT_PROTOTYPES = YES;
				CLANG_WARN_SUSPICIOUS_MOVE = YES;
				CLANG_WARN_UNGUARDED_AVAILABILITY = YES_AGGRESSIVE;
				CLANG_WARN_UNREACHABLE_CODE = YES;
				CLANG_WARN__DUPLICATE_METHOD_MATCH = YES;
				COPY_PHASE_STRIP = NO;
				DEBUG_INFORMATION_FORMAT = "dwarf-with-dsym";
				ENABLE_NS_ASSERTIONS = NO;
				ENABLE_STRICT_OBJC_MSGSEND = YES;
				GCC_C_LANGUAGE_STANDARD = gnu11;
				GCC_NO_COMMON_BLOCKS = YES;
				GCC_WARN_64_TO_32_BIT_CONVERSION = YES;
				GCC_WARN_ABOUT_RETURN_TYPE = YES_ERROR;
				GCC_WARN_UNDECLARED_SELECTOR = YES;
				GCC_WARN_UNINITIALIZED_AUTOS = YES_AGGRESSIVE;
				GCC_WARN_UNUSED_FUNCTION = YES;
				GCC_WARN_UNUSED_VARIABLE = YES;
				IPHONEOS_DEPLOYMENT_TARGET = 16.2;
				MTL_ENABLE_DEBUG_INFO = NO;
				MTL_FAST_MATH = YES;
				SDKROOT = iphoneos;
				SWIFT_COMPILATION_MODE = wholemodule;
				SWIFT_OPTIMIZATION_LEVEL = "-O";
				VALIDATE_PRODUCT = YES;
			};
			name = Release;
		};
		7D3055F62A599F3B00AA761B /* Debug */ = {
			isa = XCBuildConfiguration;
			baseConfigurationReference = 86EA0252B5261863F5AA6F5D /* Pods-WeddApp.debug.xcconfig */;
			buildSettings = {
				ASSETCATALOG_COMPILER_APPICON_NAME = AppIcon;
				ASSETCATALOG_COMPILER_GLOBAL_ACCENT_COLOR_NAME = AccentColor;
				CODE_SIGN_STYLE = Automatic;
				CURRENT_PROJECT_VERSION = 1;
				DEVELOPMENT_ASSET_PATHS = "\"WeddApp/Preview Content\"";
				ENABLE_PREVIEWS = YES;
				GENERATE_INFOPLIST_FILE = YES;
				INFOPLIST_KEY_UIApplicationSceneManifest_Generation = YES;
				INFOPLIST_KEY_UIApplicationSupportsIndirectInputEvents = YES;
				INFOPLIST_KEY_UILaunchScreen_Generation = YES;
				INFOPLIST_KEY_UISupportedInterfaceOrientations_iPad = "UIInterfaceOrientationPortrait UIInterfaceOrientationPortraitUpsideDown UIInterfaceOrientationLandscapeLeft UIInterfaceOrientationLandscapeRight";
				INFOPLIST_KEY_UISupportedInterfaceOrientations_iPhone = "UIInterfaceOrientationPortrait UIInterfaceOrientationLandscapeLeft UIInterfaceOrientationLandscapeRight";
				LD_RUNPATH_SEARCH_PATHS = (
					"$(inherited)",
					"@executable_path/Frameworks",
				);
				MARKETING_VERSION = 1.0;
				PRODUCT_BUNDLE_IDENTIFIER = com.Erkam.WeddApp;
				PRODUCT_NAME = "$(TARGET_NAME)";
				SWIFT_EMIT_LOC_STRINGS = YES;
				SWIFT_VERSION = 5.0;
				TARGETED_DEVICE_FAMILY = "1,2";
			};
			name = Debug;
		};
		7D3055F72A599F3B00AA761B /* Release */ = {
			isa = XCBuildConfiguration;
			baseConfigurationReference = 9DB7025DC5D7396A559D7D46 /* Pods-WeddApp.release.xcconfig */;
			buildSettings = {
				ASSETCATALOG_COMPILER_APPICON_NAME = AppIcon;
				ASSETCATALOG_COMPILER_GLOBAL_ACCENT_COLOR_NAME = AccentColor;
				CODE_SIGN_STYLE = Automatic;
				CURRENT_PROJECT_VERSION = 1;
				DEVELOPMENT_ASSET_PATHS = "\"WeddApp/Preview Content\"";
				ENABLE_PREVIEWS = YES;
				GENERATE_INFOPLIST_FILE = YES;
				INFOPLIST_KEY_UIApplicationSceneManifest_Generation = YES;
				INFOPLIST_KEY_UIApplicationSupportsIndirectInputEvents = YES;
				INFOPLIST_KEY_UILaunchScreen_Generation = YES;
				INFOPLIST_KEY_UISupportedInterfaceOrientations_iPad = "UIInterfaceOrientationPortrait UIInterfaceOrientationPortraitUpsideDown UIInterfaceOrientationLandscapeLeft UIInterfaceOrientationLandscapeRight";
				INFOPLIST_KEY_UISupportedInterfaceOrientations_iPhone = "UIInterfaceOrientationPortrait UIInterfaceOrientationLandscapeLeft UIInterfaceOrientationLandscapeRight";
				LD_RUNPATH_SEARCH_PATHS = (
					"$(inherited)",
					"@executable_path/Frameworks",
				);
				MARKETING_VERSION = 1.0;
				PRODUCT_BUNDLE_IDENTIFIER = com.Erkam.WeddApp;
				PRODUCT_NAME = "$(TARGET_NAME)";
				SWIFT_EMIT_LOC_STRINGS = YES;
				SWIFT_VERSION = 5.0;
				TARGETED_DEVICE_FAMILY = "1,2";
			};
			name = Release;
		};
		7D3055F92A599F3B00AA761B /* Debug */ = {
			isa = XCBuildConfiguration;
			baseConfigurationReference = CA535C59AEC59277B605A878 /* Pods-WeddAppTests.debug.xcconfig */;
			buildSettings = {
				ALWAYS_EMBED_SWIFT_STANDARD_LIBRARIES = YES;
				BUNDLE_LOADER = "$(TEST_HOST)";
				CODE_SIGN_STYLE = Automatic;
				CURRENT_PROJECT_VERSION = 1;
				GENERATE_INFOPLIST_FILE = YES;
				IPHONEOS_DEPLOYMENT_TARGET = 16.2;
				MARKETING_VERSION = 1.0;
				PRODUCT_BUNDLE_IDENTIFIER = com.Erkam.WeddAppTests;
				PRODUCT_NAME = "$(TARGET_NAME)";
				SWIFT_EMIT_LOC_STRINGS = NO;
				SWIFT_VERSION = 5.0;
				TARGETED_DEVICE_FAMILY = "1,2";
				TEST_HOST = "$(BUILT_PRODUCTS_DIR)/WeddApp.app/$(BUNDLE_EXECUTABLE_FOLDER_PATH)/WeddApp";
			};
			name = Debug;
		};
		7D3055FA2A599F3B00AA761B /* Release */ = {
			isa = XCBuildConfiguration;
			baseConfigurationReference = 2CCBE7CB69625FC1AC86D025 /* Pods-WeddAppTests.release.xcconfig */;
			buildSettings = {
				ALWAYS_EMBED_SWIFT_STANDARD_LIBRARIES = YES;
				BUNDLE_LOADER = "$(TEST_HOST)";
				CODE_SIGN_STYLE = Automatic;
				CURRENT_PROJECT_VERSION = 1;
				GENERATE_INFOPLIST_FILE = YES;
				IPHONEOS_DEPLOYMENT_TARGET = 16.2;
				MARKETING_VERSION = 1.0;
				PRODUCT_BUNDLE_IDENTIFIER = com.Erkam.WeddAppTests;
				PRODUCT_NAME = "$(TARGET_NAME)";
				SWIFT_EMIT_LOC_STRINGS = NO;
				SWIFT_VERSION = 5.0;
				TARGETED_DEVICE_FAMILY = "1,2";
				TEST_HOST = "$(BUILT_PRODUCTS_DIR)/WeddApp.app/$(BUNDLE_EXECUTABLE_FOLDER_PATH)/WeddApp";
			};
			name = Release;
		};
		7D3055FC2A599F3B00AA761B /* Debug */ = {
			isa = XCBuildConfiguration;
			baseConfigurationReference = 06736CF649F42CF8E0FC2ADC /* Pods-WeddApp-WeddAppUITests.debug.xcconfig */;
			buildSettings = {
				ALWAYS_EMBED_SWIFT_STANDARD_LIBRARIES = YES;
				CODE_SIGN_STYLE = Automatic;
				CURRENT_PROJECT_VERSION = 1;
				GENERATE_INFOPLIST_FILE = YES;
				MARKETING_VERSION = 1.0;
				PRODUCT_BUNDLE_IDENTIFIER = com.Erkam.WeddAppUITests;
				PRODUCT_NAME = "$(TARGET_NAME)";
				SWIFT_EMIT_LOC_STRINGS = NO;
				SWIFT_VERSION = 5.0;
				TARGETED_DEVICE_FAMILY = "1,2";
				TEST_TARGET_NAME = WeddApp;
			};
			name = Debug;
		};
		7D3055FD2A599F3B00AA761B /* Release */ = {
			isa = XCBuildConfiguration;
			baseConfigurationReference = F00E061727C98B633755BBA3 /* Pods-WeddApp-WeddAppUITests.release.xcconfig */;
			buildSettings = {
				ALWAYS_EMBED_SWIFT_STANDARD_LIBRARIES = YES;
				CODE_SIGN_STYLE = Automatic;
				CURRENT_PROJECT_VERSION = 1;
				GENERATE_INFOPLIST_FILE = YES;
				MARKETING_VERSION = 1.0;
				PRODUCT_BUNDLE_IDENTIFIER = com.Erkam.WeddAppUITests;
				PRODUCT_NAME = "$(TARGET_NAME)";
				SWIFT_EMIT_LOC_STRINGS = NO;
				SWIFT_VERSION = 5.0;
				TARGETED_DEVICE_FAMILY = "1,2";
				TEST_TARGET_NAME = WeddApp;
			};
			name = Release;
		};
/* End XCBuildConfiguration section */

/* Begin XCConfigurationList section */
		7D3055C72A599F3B00AA761B /* Build configuration list for PBXProject "WeddApp" */ = {
			isa = XCConfigurationList;
			buildConfigurations = (
				7D3055F32A599F3B00AA761B /* Debug */,
				7D3055F42A599F3B00AA761B /* Release */,
			);
			defaultConfigurationIsVisible = 0;
			defaultConfigurationName = Release;
		};
		7D3055F52A599F3B00AA761B /* Build configuration list for PBXNativeTarget "WeddApp" */ = {
			isa = XCConfigurationList;
			buildConfigurations = (
				7D3055F62A599F3B00AA761B /* Debug */,
				7D3055F72A599F3B00AA761B /* Release */,
			);
			defaultConfigurationIsVisible = 0;
			defaultConfigurationName = Release;
		};
		7D3055F82A599F3B00AA761B /* Build configuration list for PBXNativeTarget "WeddAppTests" */ = {
			isa = XCConfigurationList;
			buildConfigurations = (
				7D3055F92A599F3B00AA761B /* Debug */,
				7D3055FA2A599F3B00AA761B /* Release */,
			);
			defaultConfigurationIsVisible = 0;
			defaultConfigurationName = Release;
		};
		7D3055FB2A599F3B00AA761B /* Build configuration list for PBXNativeTarget "WeddAppUITests" */ = {
			isa = XCConfigurationList;
			buildConfigurations = (
				7D3055FC2A599F3B00AA761B /* Debug */,
				7D3055FD2A599F3B00AA761B /* Release */,
			);
			defaultConfigurationIsVisible = 0;
			defaultConfigurationName = Release;
		};
/* End XCConfigurationList section */

/* Begin XCVersionGroup section */
		7D3055DA2A599F3B00AA761B /* WeddApp.xcdatamodeld */ = {
			isa = XCVersionGroup;
			children = (
				7D3055DB2A599F3B00AA761B /* WeddApp.xcdatamodel */,
			);
			currentVersion = 7D3055DB2A599F3B00AA761B /* WeddApp.xcdatamodel */;
			path = WeddApp.xcdatamodeld;
			sourceTree = "<group>";
			versionGroupType = wrapper.xcdatamodel;
		};
/* End XCVersionGroup section */
	};
	rootObject = 7D3055C42A599F3B00AA761B /* Project object */;
}
