// !$*UTF8*$!
{
	archiveVersion = 1;
	classes = {
	};
	objectVersion = 56;
	objects = {

/* Begin PBXBuildFile section */
		7D3055D02A599F3B00AA761B /* WeddAppApp.swift in Sources */ = {isa = PBXBuildFile; fileRef = 7D3055CF2A599F3B00AA761B /* WeddAppApp.swift */; };
		7D3055D22A599F3B00AA761B /* IntroductionPage.swift in Sources */ = {isa = PBXBuildFile; fileRef = 7D3055D12A599F3B00AA761B /* IntroductionPage.swift */; };
		7D3055D42A599F3B00AA761B /* Assets.xcassets in Resources */ = {isa = PBXBuildFile; fileRef = 7D3055D32A599F3B00AA761B /* Assets.xcassets */; };
		7D3055D72A599F3B00AA761B /* Preview Assets.xcassets in Resources */ = {isa = PBXBuildFile; fileRef = 7D3055D62A599F3B00AA761B /* Preview Assets.xcassets */; };
		7D3055D92A599F3B00AA761B /* Persistence.swift in Sources */ = {isa = PBXBuildFile; fileRef = 7D3055D82A599F3B00AA761B /* Persistence.swift */; };
		7D3055DC2A599F3B00AA761B /* WeddApp.xcdatamodeld in Sources */ = {isa = PBXBuildFile; fileRef = 7D3055DA2A599F3B00AA761B /* WeddApp.xcdatamodeld */; };
		7D3055E62A599F3B00AA761B /* WeddAppTests.swift in Sources */ = {isa = PBXBuildFile; fileRef = 7D3055E52A599F3B00AA761B /* WeddAppTests.swift */; };
		7D3055F02A599F3B00AA761B /* WeddAppUITests.swift in Sources */ = {isa = PBXBuildFile; fileRef = 7D3055EF2A599F3B00AA761B /* WeddAppUITests.swift */; };
		7D3055F22A599F3B00AA761B /* WeddAppUITestsLaunchTests.swift in Sources */ = {isa = PBXBuildFile; fileRef = 7D3055F12A599F3B00AA761B /* WeddAppUITestsLaunchTests.swift */; };
		7D3056002A59BD9C00AA761B /* Models.swift in Sources */ = {isa = PBXBuildFile; fileRef = 7D3055FF2A59BD9C00AA761B /* Models.swift */; };
		7D3056022A59BF2300AA761B /* TestModels.swift in Sources */ = {isa = PBXBuildFile; fileRef = 7D3056012A59BF2300AA761B /* TestModels.swift */; };
		7D3056052A59C02D00AA761B /* Utilities.swift in Sources */ = {isa = PBXBuildFile; fileRef = 7D3056042A59C02D00AA761B /* Utilities.swift */; };
		7D3056072A59C0C600AA761B /* Constants.swift in Sources */ = {isa = PBXBuildFile; fileRef = 7D3056062A59C0C600AA761B /* Constants.swift */; };
		7D30560A2A5AD2A700AA761B /* GalleryPage.swift in Sources */ = {isa = PBXBuildFile; fileRef = 7D3056092A5AD2A700AA761B /* GalleryPage.swift */; };
		7D30560E2A5AD8FD00AA761B /* HomePage.swift in Sources */ = {isa = PBXBuildFile; fileRef = 7D30560D2A5AD8FD00AA761B /* HomePage.swift */; };
		7D90F8522A66D248006A6FF6 /* StoryPage.swift in Sources */ = {isa = PBXBuildFile; fileRef = 7D90F8512A66D248006A6FF6 /* StoryPage.swift */; };
		7D90F8552A672916006A6FF6 /* MessageCard.swift in Sources */ = {isa = PBXBuildFile; fileRef = 7D90F8542A672916006A6FF6 /* MessageCard.swift */; };
		7D90F8572A67292D006A6FF6 /* StoryCircle.swift in Sources */ = {isa = PBXBuildFile; fileRef = 7D90F8562A67292D006A6FF6 /* StoryCircle.swift */; };
		7D90F8592A672985006A6FF6 /* AnimatedBackground.swift in Sources */ = {isa = PBXBuildFile; fileRef = 7D90F8582A672985006A6FF6 /* AnimatedBackground.swift */; };
		7D90F85B2A6729C7006A6FF6 /* AnimatedText.swift in Sources */ = {isa = PBXBuildFile; fileRef = 7D90F85A2A6729C7006A6FF6 /* AnimatedText.swift */; };
		7D90F85D2A673092006A6FF6 /* GoogleService-Info.plist in Resources */ = {isa = PBXBuildFile; fileRef = 7D90F85C2A673092006A6FF6 /* GoogleService-Info.plist */; };
		7D90F85F2A673103006A6FF6 /* Authentication.swift in Sources */ = {isa = PBXBuildFile; fileRef = 7D90F85E2A673103006A6FF6 /* Authentication.swift */; };
		7D90F8612A673119006A6FF6 /* User.swift in Sources */ = {isa = PBXBuildFile; fileRef = 7D90F8602A673119006A6FF6 /* User.swift */; };
/* End PBXBuildFile section */

/* Begin PBXContainerItemProxy section */
		7D3055E22A599F3B00AA761B /* PBXContainerItemProxy */ = {
			isa = PBXContainerItemProxy;
			containerPortal = 7D3055C42A599F3B00AA761B /* Project object */;
			proxyType = 1;
			remoteGlobalIDString = 7D3055CB2A599F3B00AA761B;
			remoteInfo = WeddApp;
		};
		7D3055EC2A599F3B00AA761B /* PBXContainerItemProxy */ = {
			isa = PBXContainerItemProxy;
			containerPortal = 7D3055C42A599F3B00AA761B /* Project object */;
			proxyType = 1;
			remoteGlobalIDString = 7D3055CB2A599F3B00AA761B;
			remoteInfo = WeddApp;
		};
/* End PBXContainerItemProxy section */

/* Begin PBXFileReference section */
		7D3055CC2A599F3B00AA761B /* WeddApp.app */ = {isa = PBXFileReference; explicitFileType = wrapper.application; includeInIndex = 0; path = WeddApp.app; sourceTree = BUILT_PRODUCTS_DIR; };
		7D3055CF2A599F3B00AA761B /* WeddAppApp.swift */ = {isa = PBXFileReference; lastKnownFileType = sourcecode.swift; path = WeddAppApp.swift; sourceTree = "<group>"; };
		7D3055D12A599F3B00AA761B /* IntroductionPage.swift */ = {isa = PBXFileReference; lastKnownFileType = sourcecode.swift; path = IntroductionPage.swift; sourceTree = "<group>"; };
		7D3055D32A599F3B00AA761B /* Assets.xcassets */ = {isa = PBXFileReference; lastKnownFileType = folder.assetcatalog; path = Assets.xcassets; sourceTree = "<group>"; };
		7D3055D62A599F3B00AA761B /* Preview Assets.xcassets */ = {isa = PBXFileReference; lastKnownFileType = folder.assetcatalog; path = "Preview Assets.xcassets"; sourceTree = "<group>"; };
		7D3055D82A599F3B00AA761B /* Persistence.swift */ = {isa = PBXFileReference; lastKnownFileType = sourcecode.swift; path = Persistence.swift; sourceTree = "<group>"; };
		7D3055DB2A599F3B00AA761B /* WeddApp.xcdatamodel */ = {isa = PBXFileReference; lastKnownFileType = wrapper.xcdatamodel; path = WeddApp.xcdatamodel; sourceTree = "<group>"; };
		7D3055E12A599F3B00AA761B /* WeddAppTests.xctest */ = {isa = PBXFileReference; explicitFileType = wrapper.cfbundle; includeInIndex = 0; path = WeddAppTests.xctest; sourceTree = BUILT_PRODUCTS_DIR; };
		7D3055E52A599F3B00AA761B /* WeddAppTests.swift */ = {isa = PBXFileReference; lastKnownFileType = sourcecode.swift; path = WeddAppTests.swift; sourceTree = "<group>"; };
		7D3055EB2A599F3B00AA761B /* WeddAppUITests.xctest */ = {isa = PBXFileReference; explicitFileType = wrapper.cfbundle; includeInIndex = 0; path = WeddAppUITests.xctest; sourceTree = BUILT_PRODUCTS_DIR; };
		7D3055EF2A599F3B00AA761B /* WeddAppUITests.swift */ = {isa = PBXFileReference; lastKnownFileType = sourcecode.swift; path = WeddAppUITests.swift; sourceTree = "<group>"; };
		7D3055F12A599F3B00AA761B /* WeddAppUITestsLaunchTests.swift */ = {isa = PBXFileReference; lastKnownFileType = sourcecode.swift; path = WeddAppUITestsLaunchTests.swift; sourceTree = "<group>"; };
		7D3055FF2A59BD9C00AA761B /* Models.swift */ = {isa = PBXFileReference; lastKnownFileType = sourcecode.swift; path = Models.swift; sourceTree = "<group>"; };
		7D3056012A59BF2300AA761B /* TestModels.swift */ = {isa = PBXFileReference; lastKnownFileType = sourcecode.swift; path = TestModels.swift; sourceTree = "<group>"; };
		7D3056042A59C02D00AA761B /* Utilities.swift */ = {isa = PBXFileReference; lastKnownFileType = sourcecode.swift; path = Utilities.swift; sourceTree = "<group>"; };
		7D3056062A59C0C600AA761B /* Constants.swift */ = {isa = PBXFileReference; lastKnownFileType = sourcecode.swift; path = Constants.swift; sourceTree = "<group>"; };
		7D3056092A5AD2A700AA761B /* GalleryPage.swift */ = {isa = PBXFileReference; lastKnownFileType = sourcecode.swift; path = GalleryPage.swift; sourceTree = "<group>"; };
		7D30560D2A5AD8FD00AA761B /* HomePage.swift */ = {isa = PBXFileReference; lastKnownFileType = sourcecode.swift; path = HomePage.swift; sourceTree = "<group>"; };
		7D90F8512A66D248006A6FF6 /* StoryPage.swift */ = {isa = PBXFileReference; lastKnownFileType = sourcecode.swift; path = StoryPage.swift; sourceTree = "<group>"; };
		7D90F8542A672916006A6FF6 /* MessageCard.swift */ = {isa = PBXFileReference; lastKnownFileType = sourcecode.swift; path = MessageCard.swift; sourceTree = "<group>"; };
		7D90F8562A67292D006A6FF6 /* StoryCircle.swift */ = {isa = PBXFileReference; lastKnownFileType = sourcecode.swift; path = StoryCircle.swift; sourceTree = "<group>"; };
		7D90F8582A672985006A6FF6 /* AnimatedBackground.swift */ = {isa = PBXFileReference; lastKnownFileType = sourcecode.swift; path = AnimatedBackground.swift; sourceTree = "<group>"; };
		7D90F85A2A6729C7006A6FF6 /* AnimatedText.swift */ = {isa = PBXFileReference; lastKnownFileType = sourcecode.swift; path = AnimatedText.swift; sourceTree = "<group>"; };
		7D90F85C2A673092006A6FF6 /* GoogleService-Info.plist */ = {isa = PBXFileReference; fileEncoding = 4; lastKnownFileType = text.plist.xml; path = "GoogleService-Info.plist"; sourceTree = "<group>"; };
		7D90F85E2A673103006A6FF6 /* Authentication.swift */ = {isa = PBXFileReference; lastKnownFileType = sourcecode.swift; path = Authentication.swift; sourceTree = "<group>"; };
		7D90F8602A673119006A6FF6 /* User.swift */ = {isa = PBXFileReference; lastKnownFileType = sourcecode.swift; path = User.swift; sourceTree = "<group>"; };
/* End PBXFileReference section */

/* Begin PBXFrameworksBuildPhase section */
		7D3055C92A599F3B00AA761B /* Frameworks */ = {
			isa = PBXFrameworksBuildPhase;
			buildActionMask = 2147483647;
			files = (
			);
			runOnlyForDeploymentPostprocessing = 0;
		};
		7D3055DE2A599F3B00AA761B /* Frameworks */ = {
			isa = PBXFrameworksBuildPhase;
			buildActionMask = 2147483647;
			files = (
			);
			runOnlyForDeploymentPostprocessing = 0;
		};
		7D3055E82A599F3B00AA761B /* Frameworks */ = {
			isa = PBXFrameworksBuildPhase;
			buildActionMask = 2147483647;
			files = (
			);
			runOnlyForDeploymentPostprocessing = 0;
		};
/* End PBXFrameworksBuildPhase section */

/* Begin PBXGroup section */
		7D3055C32A599F3B00AA761B = {
			isa = PBXGroup;
			children = (
				7D3055CE2A599F3B00AA761B /* WeddApp */,
				7D3055E42A599F3B00AA761B /* WeddAppTests */,
				7D3055EE2A599F3B00AA761B /* WeddAppUITests */,
				7D3055CD2A599F3B00AA761B /* Products */,
			);
			sourceTree = "<group>";
		};
		7D3055CD2A599F3B00AA761B /* Products */ = {
			isa = PBXGroup;
			children = (
				7D3055CC2A599F3B00AA761B /* WeddApp.app */,
				7D3055E12A599F3B00AA761B /* WeddAppTests.xctest */,
				7D3055EB2A599F3B00AA761B /* WeddAppUITests.xctest */,
			);
			name = Products;
			sourceTree = "<group>";
		};
		7D3055CE2A599F3B00AA761B /* WeddApp */ = {
			isa = PBXGroup;
			children = (
				7D90F85C2A673092006A6FF6 /* GoogleService-Info.plist */,
				7D3056082A5AD28500AA761B /* View */,
				7D3056032A59C01E00AA761B /* Utils */,
				7D3055FE2A59BD7800AA761B /* Model */,
				7D3055CF2A599F3B00AA761B /* WeddAppApp.swift */,
				7D3055D32A599F3B00AA761B /* Assets.xcassets */,
				7D3055D82A599F3B00AA761B /* Persistence.swift */,
				7D3055DA2A599F3B00AA761B /* WeddApp.xcdatamodeld */,
				7D3055D52A599F3B00AA761B /* Preview Content */,
			);
			path = WeddApp;
			sourceTree = "<group>";
		};
		7D3055D52A599F3B00AA761B /* Preview Content */ = {
			isa = PBXGroup;
			children = (
				7D3055D62A599F3B00AA761B /* Preview Assets.xcassets */,
			);
			path = "Preview Content";
			sourceTree = "<group>";
		};
		7D3055E42A599F3B00AA761B /* WeddAppTests */ = {
			isa = PBXGroup;
			children = (
				7D3055E52A599F3B00AA761B /* WeddAppTests.swift */,
			);
			path = WeddAppTests;
			sourceTree = "<group>";
		};
		7D3055EE2A599F3B00AA761B /* WeddAppUITests */ = {
			isa = PBXGroup;
			children = (
				7D3055EF2A599F3B00AA761B /* WeddAppUITests.swift */,
				7D3055F12A599F3B00AA761B /* WeddAppUITestsLaunchTests.swift */,
			);
			path = WeddAppUITests;
			sourceTree = "<group>";
		};
		7D3055FE2A59BD7800AA761B /* Model */ = {
			isa = PBXGroup;
			children = (
				7D3055FF2A59BD9C00AA761B /* Models.swift */,
				7D3056012A59BF2300AA761B /* TestModels.swift */,
				7D90F85E2A673103006A6FF6 /* Authentication.swift */,
				7D90F8602A673119006A6FF6 /* User.swift */,
			);
			path = Model;
			sourceTree = "<group>";
		};
		7D3056032A59C01E00AA761B /* Utils */ = {
			isa = PBXGroup;
			children = (
				7D90F8532A6728EA006A6FF6 /* UI Components */,
				7D3056042A59C02D00AA761B /* Utilities.swift */,
				7D3056062A59C0C600AA761B /* Constants.swift */,
			);
			path = Utils;
			sourceTree = "<group>";
		};
		7D3056082A5AD28500AA761B /* View */ = {
			isa = PBXGroup;
			children = (
				7D3055D12A599F3B00AA761B /* IntroductionPage.swift */,
				7D3056092A5AD2A700AA761B /* GalleryPage.swift */,
				7D30560D2A5AD8FD00AA761B /* HomePage.swift */,
				7D90F8512A66D248006A6FF6 /* StoryPage.swift */,
			);
			path = View;
			sourceTree = "<group>";
		};
		7D90F8532A6728EA006A6FF6 /* UI Components */ = {
			isa = PBXGroup;
			children = (
				7D90F8542A672916006A6FF6 /* MessageCard.swift */,
				7D90F8562A67292D006A6FF6 /* StoryCircle.swift */,
				7D90F8582A672985006A6FF6 /* AnimatedBackground.swift */,
				7D90F85A2A6729C7006A6FF6 /* AnimatedText.swift */,
			);
			path = "UI Components";
			sourceTree = "<group>";
		};
/* End PBXGroup section */

/* Begin PBXNativeTarget section */
		7D3055CB2A599F3B00AA761B /* WeddApp */ = {
			isa = PBXNativeTarget;
			buildConfigurationList = 7D3055F52A599F3B00AA761B /* Build configuration list for PBXNativeTarget "WeddApp" */;
			buildPhases = (
				7D3055C82A599F3B00AA761B /* Sources */,
				7D3055C92A599F3B00AA761B /* Frameworks */,
				7D3055CA2A599F3B00AA761B /* Resources */,
			);
			buildRules = (
			);
			dependencies = (
			);
			name = WeddApp;
			productName = WeddApp;
			productReference = 7D3055CC2A599F3B00AA761B /* WeddApp.app */;
			productType = "com.apple.product-type.application";
		};
		7D3055E02A599F3B00AA761B /* WeddAppTests */ = {
			isa = PBXNativeTarget;
			buildConfigurationList = 7D3055F82A599F3B00AA761B /* Build configuration list for PBXNativeTarget "WeddAppTests" */;
			buildPhases = (
				7D3055DD2A599F3B00AA761B /* Sources */,
				7D3055DE2A599F3B00AA761B /* Frameworks */,
				7D3055DF2A599F3B00AA761B /* Resources */,
			);
			buildRules = (
			);
			dependencies = (
				7D3055E32A599F3B00AA761B /* PBXTargetDependency */,
			);
			name = WeddAppTests;
			productName = WeddAppTests;
			productReference = 7D3055E12A599F3B00AA761B /* WeddAppTests.xctest */;
			productType = "com.apple.product-type.bundle.unit-test";
		};
		7D3055EA2A599F3B00AA761B /* WeddAppUITests */ = {
			isa = PBXNativeTarget;
			buildConfigurationList = 7D3055FB2A599F3B00AA761B /* Build configuration list for PBXNativeTarget "WeddAppUITests" */;
			buildPhases = (
				7D3055E72A599F3B00AA761B /* Sources */,
				7D3055E82A599F3B00AA761B /* Frameworks */,
				7D3055E92A599F3B00AA761B /* Resources */,
			);
			buildRules = (
			);
			dependencies = (
				7D3055ED2A599F3B00AA761B /* PBXTargetDependency */,
			);
			name = WeddAppUITests;
			productName = WeddAppUITests;
			productReference = 7D3055EB2A599F3B00AA761B /* WeddAppUITests.xctest */;
			productType = "com.apple.product-type.bundle.ui-testing";
		};
/* End PBXNativeTarget section */

/* Begin PBXProject section */
		7D3055C42A599F3B00AA761B /* Project object */ = {
			isa = PBXProject;
			attributes = {
				BuildIndependentTargetsInParallel = 1;
				LastSwiftUpdateCheck = 1420;
				LastUpgradeCheck = 1420;
				TargetAttributes = {
					7D3055CB2A599F3B00AA761B = {
						CreatedOnToolsVersion = 14.2;
					};
					7D3055E02A599F3B00AA761B = {
						CreatedOnToolsVersion = 14.2;
						TestTargetID = 7D3055CB2A599F3B00AA761B;
					};
					7D3055EA2A599F3B00AA761B = {
						CreatedOnToolsVersion = 14.2;
						TestTargetID = 7D3055CB2A599F3B00AA761B;
					};
				};
			};
			buildConfigurationList = 7D3055C72A599F3B00AA761B /* Build configuration list for PBXProject "WeddApp" */;
			compatibilityVersion = "Xcode 14.0";
			developmentRegion = en;
			hasScannedForEncodings = 0;
			knownRegions = (
				en,
				Base,
			);
			mainGroup = 7D3055C32A599F3B00AA761B;
			productRefGroup = 7D3055CD2A599F3B00AA761B /* Products */;
			projectDirPath = "";
			projectRoot = "";
			targets = (
				7D3055CB2A599F3B00AA761B /* WeddApp */,
				7D3055E02A599F3B00AA761B /* WeddAppTests */,
				7D3055EA2A599F3B00AA761B /* WeddAppUITests */,
			);
		};
/* End PBXProject section */

/* Begin PBXResourcesBuildPhase section */
		7D3055CA2A599F3B00AA761B /* Resources */ = {
			isa = PBXResourcesBuildPhase;
			buildActionMask = 2147483647;
			files = (
				7D3055D72A599F3B00AA761B /* Preview Assets.xcassets in Resources */,
				7D90F85D2A673092006A6FF6 /* GoogleService-Info.plist in Resources */,
				7D3055D42A599F3B00AA761B /* Assets.xcassets in Resources */,
			);
			runOnlyForDeploymentPostprocessing = 0;
		};
		7D3055DF2A599F3B00AA761B /* Resources */ = {
			isa = PBXResourcesBuildPhase;
			buildActionMask = 2147483647;
			files = (
			);
			runOnlyForDeploymentPostprocessing = 0;
		};
		7D3055E92A599F3B00AA761B /* Resources */ = {
			isa = PBXResourcesBuildPhase;
			buildActionMask = 2147483647;
			files = (
			);
			runOnlyForDeploymentPostprocessing = 0;
		};
/* End PBXResourcesBuildPhase section */

/* Begin PBXSourcesBuildPhase section */
		7D3055C82A599F3B00AA761B /* Sources */ = {
			isa = PBXSourcesBuildPhase;
			buildActionMask = 2147483647;
			files = (
				7D3055D92A599F3B00AA761B /* Persistence.swift in Sources */,
				7D90F85B2A6729C7006A6FF6 /* AnimatedText.swift in Sources */,
				7D90F85F2A673103006A6FF6 /* Authentication.swift in Sources */,
				7D3055DC2A599F3B00AA761B /* WeddApp.xcdatamodeld in Sources */,
				7D90F8522A66D248006A6FF6 /* StoryPage.swift in Sources */,
				7D3056052A59C02D00AA761B /* Utilities.swift in Sources */,
				7D3055D22A599F3B00AA761B /* IntroductionPage.swift in Sources */,
				7D90F8612A673119006A6FF6 /* User.swift in Sources */,
				7D90F8572A67292D006A6FF6 /* StoryCircle.swift in Sources */,
				7D3055D02A599F3B00AA761B /* WeddAppApp.swift in Sources */,
				7D30560E2A5AD8FD00AA761B /* HomePage.swift in Sources */,
				7D90F8592A672985006A6FF6 /* AnimatedBackground.swift in Sources */,
				7D90F8552A672916006A6FF6 /* MessageCard.swift in Sources */,
				7D30560A2A5AD2A700AA761B /* GalleryPage.swift in Sources */,
				7D3056002A59BD9C00AA761B /* Models.swift in Sources */,
				7D3056022A59BF2300AA761B /* TestModels.swift in Sources */,
				7D3056072A59C0C600AA761B /* Constants.swift in Sources */,
			);
			runOnlyForDeploymentPostprocessing = 0;
		};
		7D3055DD2A599F3B00AA761B /* Sources */ = {
			isa = PBXSourcesBuildPhase;
			buildActionMask = 2147483647;
			files = (
				7D3055E62A599F3B00AA761B /* WeddAppTests.swift in Sources */,
			);
			runOnlyForDeploymentPostprocessing = 0;
		};
		7D3055E72A599F3B00AA761B /* Sources */ = {
			isa = PBXSourcesBuildPhase;
			buildActionMask = 2147483647;
			files = (
				7D3055F22A599F3B00AA761B /* WeddAppUITestsLaunchTests.swift in Sources */,
				7D3055F02A599F3B00AA761B /* WeddAppUITests.swift in Sources */,
			);
			runOnlyForDeploymentPostprocessing = 0;
		};
/* End PBXSourcesBuildPhase section */

/* Begin PBXTargetDependency section */
		7D3055E32A599F3B00AA761B /* PBXTargetDependency */ = {
			isa = PBXTargetDependency;
			target = 7D3055CB2A599F3B00AA761B /* WeddApp */;
			targetProxy = 7D3055E22A599F3B00AA761B /* PBXContainerItemProxy */;
		};
		7D3055ED2A599F3B00AA761B /* PBXTargetDependency */ = {
			isa = PBXTargetDependency;
			target = 7D3055CB2A599F3B00AA761B /* WeddApp */;
			targetProxy = 7D3055EC2A599F3B00AA761B /* PBXContainerItemProxy */;
		};
/* End PBXTargetDependency section */

/* Begin XCBuildConfiguration section */
		7D3055F32A599F3B00AA761B /* Debug */ = {
			isa = XCBuildConfiguration;
			buildSettings = {
				ALWAYS_SEARCH_USER_PATHS = NO;
				CLANG_ANALYZER_NONNULL = YES;
				CLANG_ANALYZER_NUMBER_OBJECT_CONVERSION = YES_AGGRESSIVE;
				CLANG_CXX_LANGUAGE_STANDARD = "gnu++20";
				CLANG_ENABLE_MODULES = YES;
				CLANG_ENABLE_OBJC_ARC = YES;
				CLANG_ENABLE_OBJC_WEAK = YES;
				CLANG_WARN_BLOCK_CAPTURE_AUTORELEASING = YES;
				CLANG_WARN_BOOL_CONVERSION = YES;
				CLANG_WARN_COMMA = YES;
				CLANG_WARN_CONSTANT_CONVERSION = YES;
				CLANG_WARN_DEPRECATED_OBJC_IMPLEMENTATIONS = YES;
				CLANG_WARN_DIRECT_OBJC_ISA_USAGE = YES_ERROR;
				CLANG_WARN_DOCUMENTATION_COMMENTS = YES;
				CLANG_WARN_EMPTY_BODY = YES;
				CLANG_WARN_ENUM_CONVERSION = YES;
				CLANG_WARN_INFINITE_RECURSION = YES;
				CLANG_WARN_INT_CONVERSION = YES;
				CLANG_WARN_NON_LITERAL_NULL_CONVERSION = YES;
				CLANG_WARN_OBJC_IMPLICIT_RETAIN_SELF = YES;
				CLANG_WARN_OBJC_LITERAL_CONVERSION = YES;
				CLANG_WARN_OBJC_ROOT_CLASS = YES_ERROR;
				CLANG_WARN_QUOTED_INCLUDE_IN_FRAMEWORK_HEADER = YES;
				CLANG_WARN_RANGE_LOOP_ANALYSIS = YES;
				CLANG_WARN_STRICT_PROTOTYPES = YES;
				CLANG_WARN_SUSPICIOUS_MOVE = YES;
				CLANG_WARN_UNGUARDED_AVAILABILITY = YES_AGGRESSIVE;
				CLANG_WARN_UNREACHABLE_CODE = YES;
				CLANG_WARN__DUPLICATE_METHOD_MATCH = YES;
				COPY_PHASE_STRIP = NO;
				DEBUG_INFORMATION_FORMAT = dwarf;
				ENABLE_STRICT_OBJC_MSGSEND = YES;
				ENABLE_TESTABILITY = YES;
				GCC_C_LANGUAGE_STANDARD = gnu11;
				GCC_DYNAMIC_NO_PIC = NO;
				GCC_NO_COMMON_BLOCKS = YES;
				GCC_OPTIMIZATION_LEVEL = 0;
				GCC_PREPROCESSOR_DEFINITIONS = (
					"DEBUG=1",
					"$(inherited)",
				);
				GCC_WARN_64_TO_32_BIT_CONVERSION = YES;
				GCC_WARN_ABOUT_RETURN_TYPE = YES_ERROR;
				GCC_WARN_UNDECLARED_SELECTOR = YES;
				GCC_WARN_UNINITIALIZED_AUTOS = YES_AGGRESSIVE;
				GCC_WARN_UNUSED_FUNCTION = YES;
				GCC_WARN_UNUSED_VARIABLE = YES;
				IPHONEOS_DEPLOYMENT_TARGET = 16.2;
				MTL_ENABLE_DEBUG_INFO = INCLUDE_SOURCE;
				MTL_FAST_MATH = YES;
				ONLY_ACTIVE_ARCH = YES;
				SDKROOT = iphoneos;
				SWIFT_ACTIVE_COMPILATION_CONDITIONS = DEBUG;
				SWIFT_OPTIMIZATION_LEVEL = "-Onone";
			};
			name = Debug;
		};
		7D3055F42A599F3B00AA761B /* Release */ = {
			isa = XCBuildConfiguration;
			buildSettings = {
				ALWAYS_SEARCH_USER_PATHS = NO;
				CLANG_ANALYZER_NONNULL = YES;
				CLANG_ANALYZER_NUMBER_OBJECT_CONVERSION = YES_AGGRESSIVE;
				CLANG_CXX_LANGUAGE_STANDARD = "gnu++20";
				CLANG_ENABLE_MODULES = YES;
				CLANG_ENABLE_OBJC_ARC = YES;
				CLANG_ENABLE_OBJC_WEAK = YES;
				CLANG_WARN_BLOCK_CAPTURE_AUTORELEASING = YES;
				CLANG_WARN_BOOL_CONVERSION = YES;
				CLANG_WARN_COMMA = YES;
				CLANG_WARN_CONSTANT_CONVERSION = YES;
				CLANG_WARN_DEPRECATED_OBJC_IMPLEMENTATIONS = YES;
				CLANG_WARN_DIRECT_OBJC_ISA_USAGE = YES_ERROR;
				CLANG_WARN_DOCUMENTATION_COMMENTS = YES;
				CLANG_WARN_EMPTY_BODY = YES;
				CLANG_WARN_ENUM_CONVERSION = YES;
				CLANG_WARN_INFINITE_RECURSION = YES;
				CLANG_WARN_INT_CONVERSION = YES;
				CLANG_WARN_NON_LITERAL_NULL_CONVERSION = YES;
				CLANG_WARN_OBJC_IMPLICIT_RETAIN_SELF = YES;
				CLANG_WARN_OBJC_LITERAL_CONVERSION = YES;
				CLANG_WARN_OBJC_ROOT_CLASS = YES_ERROR;
				CLANG_WARN_QUOTED_INCLUDE_IN_FRAMEWORK_HEADER = YES;
				CLANG_WARN_RANGE_LOOP_ANALYSIS = YES;
				CLANG_WARN_STRICT_PROTOTYPES = YES;
				CLANG_WARN_SUSPICIOUS_MOVE = YES;
				CLANG_WARN_UNGUARDED_AVAILABILITY = YES_AGGRESSIVE;
				CLANG_WARN_UNREACHABLE_CODE = YES;
				CLANG_WARN__DUPLICATE_METHOD_MATCH = YES;
				COPY_PHASE_STRIP = NO;
				DEBUG_INFORMATION_FORMAT = "dwarf-with-dsym";
				ENABLE_NS_ASSERTIONS = NO;
				ENABLE_STRICT_OBJC_MSGSEND = YES;
				GCC_C_LANGUAGE_STANDARD = gnu11;
				GCC_NO_COMMON_BLOCKS = YES;
				GCC_WARN_64_TO_32_BIT_CONVERSION = YES;
				GCC_WARN_ABOUT_RETURN_TYPE = YES_ERROR;
				GCC_WARN_UNDECLARED_SELECTOR = YES;
				GCC_WARN_UNINITIALIZED_AUTOS = YES_AGGRESSIVE;
				GCC_WARN_UNUSED_FUNCTION = YES;
				GCC_WARN_UNUSED_VARIABLE = YES;
				IPHONEOS_DEPLOYMENT_TARGET = 16.2;
				MTL_ENABLE_DEBUG_INFO = NO;
				MTL_FAST_MATH = YES;
				SDKROOT = iphoneos;
				SWIFT_COMPILATION_MODE = wholemodule;
				SWIFT_OPTIMIZATION_LEVEL = "-O";
				VALIDATE_PRODUCT = YES;
			};
			name = Release;
		};
		7D3055F62A599F3B00AA761B /* Debug */ = {
			isa = XCBuildConfiguration;
			buildSettings = {
				ASSETCATALOG_COMPILER_APPICON_NAME = AppIcon;
				ASSETCATALOG_COMPILER_GLOBAL_ACCENT_COLOR_NAME = AccentColor;
				CODE_SIGN_STYLE = Automatic;
				CURRENT_PROJECT_VERSION = 1;
				DEVELOPMENT_ASSET_PATHS = "\"WeddApp/Preview Content\"";
				ENABLE_PREVIEWS = YES;
				GENERATE_INFOPLIST_FILE = YES;
				INFOPLIST_KEY_UIApplicationSceneManifest_Generation = YES;
				INFOPLIST_KEY_UIApplicationSupportsIndirectInputEvents = YES;
				INFOPLIST_KEY_UILaunchScreen_Generation = YES;
				INFOPLIST_KEY_UISupportedInterfaceOrientations_iPad = "UIInterfaceOrientationPortrait UIInterfaceOrientationPortraitUpsideDown UIInterfaceOrientationLandscapeLeft UIInterfaceOrientationLandscapeRight";
				INFOPLIST_KEY_UISupportedInterfaceOrientations_iPhone = "UIInterfaceOrientationPortrait UIInterfaceOrientationLandscapeLeft UIInterfaceOrientationLandscapeRight";
				LD_RUNPATH_SEARCH_PATHS = (
					"$(inherited)",
					"@executable_path/Frameworks",
				);
				MARKETING_VERSION = 1.0;
				PRODUCT_BUNDLE_IDENTIFIER = com.Erkam.WeddApp;
				PRODUCT_NAME = "$(TARGET_NAME)";
				SWIFT_EMIT_LOC_STRINGS = YES;
				SWIFT_VERSION = 5.0;
				TARGETED_DEVICE_FAMILY = "1,2";
			};
			name = Debug;
		};
		7D3055F72A599F3B00AA761B /* Release */ = {
			isa = XCBuildConfiguration;
			buildSettings = {
				ASSETCATALOG_COMPILER_APPICON_NAME = AppIcon;
				ASSETCATALOG_COMPILER_GLOBAL_ACCENT_COLOR_NAME = AccentColor;
				CODE_SIGN_STYLE = Automatic;
				CURRENT_PROJECT_VERSION = 1;
				DEVELOPMENT_ASSET_PATHS = "\"WeddApp/Preview Content\"";
				ENABLE_PREVIEWS = YES;
				GENERATE_INFOPLIST_FILE = YES;
				INFOPLIST_KEY_UIApplicationSceneManifest_Generation = YES;
				INFOPLIST_KEY_UIApplicationSupportsIndirectInputEvents = YES;
				INFOPLIST_KEY_UILaunchScreen_Generation = YES;
				INFOPLIST_KEY_UISupportedInterfaceOrientations_iPad = "UIInterfaceOrientationPortrait UIInterfaceOrientationPortraitUpsideDown UIInterfaceOrientationLandscapeLeft UIInterfaceOrientationLandscapeRight";
				INFOPLIST_KEY_UISupportedInterfaceOrientations_iPhone = "UIInterfaceOrientationPortrait UIInterfaceOrientationLandscapeLeft UIInterfaceOrientationLandscapeRight";
				LD_RUNPATH_SEARCH_PATHS = (
					"$(inherited)",
					"@executable_path/Frameworks",
				);
				MARKETING_VERSION = 1.0;
				PRODUCT_BUNDLE_IDENTIFIER = com.Erkam.WeddApp;
				PRODUCT_NAME = "$(TARGET_NAME)";
				SWIFT_EMIT_LOC_STRINGS = YES;
				SWIFT_VERSION = 5.0;
				TARGETED_DEVICE_FAMILY = "1,2";
			};
			name = Release;
		};
		7D3055F92A599F3B00AA761B /* Debug */ = {
			isa = XCBuildConfiguration;
			buildSettings = {
				ALWAYS_EMBED_SWIFT_STANDARD_LIBRARIES = YES;
				BUNDLE_LOADER = "$(TEST_HOST)";
				CODE_SIGN_STYLE = Automatic;
				CURRENT_PROJECT_VERSION = 1;
				GENERATE_INFOPLIST_FILE = YES;
				IPHONEOS_DEPLOYMENT_TARGET = 16.2;
				MARKETING_VERSION = 1.0;
				PRODUCT_BUNDLE_IDENTIFIER = com.Erkam.WeddAppTests;
				PRODUCT_NAME = "$(TARGET_NAME)";
				SWIFT_EMIT_LOC_STRINGS = NO;
				SWIFT_VERSION = 5.0;
				TARGETED_DEVICE_FAMILY = "1,2";
				TEST_HOST = "$(BUILT_PRODUCTS_DIR)/WeddApp.app/$(BUNDLE_EXECUTABLE_FOLDER_PATH)/WeddApp";
			};
			name = Debug;
		};
		7D3055FA2A599F3B00AA761B /* Release */ = {
			isa = XCBuildConfiguration;
			buildSettings = {
				ALWAYS_EMBED_SWIFT_STANDARD_LIBRARIES = YES;
				BUNDLE_LOADER = "$(TEST_HOST)";
				CODE_SIGN_STYLE = Automatic;
				CURRENT_PROJECT_VERSION = 1;
				GENERATE_INFOPLIST_FILE = YES;
				IPHONEOS_DEPLOYMENT_TARGET = 16.2;
				MARKETING_VERSION = 1.0;
				PRODUCT_BUNDLE_IDENTIFIER = com.Erkam.WeddAppTests;
				PRODUCT_NAME = "$(TARGET_NAME)";
				SWIFT_EMIT_LOC_STRINGS = NO;
				SWIFT_VERSION = 5.0;
				TARGETED_DEVICE_FAMILY = "1,2";
				TEST_HOST = "$(BUILT_PRODUCTS_DIR)/WeddApp.app/$(BUNDLE_EXECUTABLE_FOLDER_PATH)/WeddApp";
			};
			name = Release;
		};
		7D3055FC2A599F3B00AA761B /* Debug */ = {
			isa = XCBuildConfiguration;
			buildSettings = {
				ALWAYS_EMBED_SWIFT_STANDARD_LIBRARIES = YES;
				CODE_SIGN_STYLE = Automatic;
				CURRENT_PROJECT_VERSION = 1;
				GENERATE_INFOPLIST_FILE = YES;
				MARKETING_VERSION = 1.0;
				PRODUCT_BUNDLE_IDENTIFIER = com.Erkam.WeddAppUITests;
				PRODUCT_NAME = "$(TARGET_NAME)";
				SWIFT_EMIT_LOC_STRINGS = NO;
				SWIFT_VERSION = 5.0;
				TARGETED_DEVICE_FAMILY = "1,2";
				TEST_TARGET_NAME = WeddApp;
			};
			name = Debug;
		};
		7D3055FD2A599F3B00AA761B /* Release */ = {
			isa = XCBuildConfiguration;
			buildSettings = {
				ALWAYS_EMBED_SWIFT_STANDARD_LIBRARIES = YES;
				CODE_SIGN_STYLE = Automatic;
				CURRENT_PROJECT_VERSION = 1;
				GENERATE_INFOPLIST_FILE = YES;
				MARKETING_VERSION = 1.0;
				PRODUCT_BUNDLE_IDENTIFIER = com.Erkam.WeddAppUITests;
				PRODUCT_NAME = "$(TARGET_NAME)";
				SWIFT_EMIT_LOC_STRINGS = NO;
				SWIFT_VERSION = 5.0;
				TARGETED_DEVICE_FAMILY = "1,2";
				TEST_TARGET_NAME = WeddApp;
			};
			name = Release;
		};
/* End XCBuildConfiguration section */

/* Begin XCConfigurationList section */
		7D3055C72A599F3B00AA761B /* Build configuration list for PBXProject "WeddApp" */ = {
			isa = XCConfigurationList;
			buildConfigurations = (
				7D3055F32A599F3B00AA761B /* Debug */,
				7D3055F42A599F3B00AA761B /* Release */,
			);
			defaultConfigurationIsVisible = 0;
			defaultConfigurationName = Release;
		};
		7D3055F52A599F3B00AA761B /* Build configuration list for PBXNativeTarget "WeddApp" */ = {
			isa = XCConfigurationList;
			buildConfigurations = (
				7D3055F62A599F3B00AA761B /* Debug */,
				7D3055F72A599F3B00AA761B /* Release */,
			);
			defaultConfigurationIsVisible = 0;
			defaultConfigurationName = Release;
		};
		7D3055F82A599F3B00AA761B /* Build configuration list for PBXNativeTarget "WeddAppTests" */ = {
			isa = XCConfigurationList;
			buildConfigurations = (
				7D3055F92A599F3B00AA761B /* Debug */,
				7D3055FA2A599F3B00AA761B /* Release */,
			);
			defaultConfigurationIsVisible = 0;
			defaultConfigurationName = Release;
		};
		7D3055FB2A599F3B00AA761B /* Build configuration list for PBXNativeTarget "WeddAppUITests" */ = {
			isa = XCConfigurationList;
			buildConfigurations = (
				7D3055FC2A599F3B00AA761B /* Debug */,
				7D3055FD2A599F3B00AA761B /* Release */,
			);
			defaultConfigurationIsVisible = 0;
			defaultConfigurationName = Release;
		};
/* End XCConfigurationList section */

/* Begin XCVersionGroup section */
		7D3055DA2A599F3B00AA761B /* WeddApp.xcdatamodeld */ = {
			isa = XCVersionGroup;
			children = (
				7D3055DB2A599F3B00AA761B /* WeddApp.xcdatamodel */,
			);
			currentVersion = 7D3055DB2A599F3B00AA761B /* WeddApp.xcdatamodel */;
			path = WeddApp.xcdatamodeld;
			sourceTree = "<group>";
			versionGroupType = wrapper.xcdatamodel;
		};
/* End XCVersionGroup section */
	};
	rootObject = 7D3055C42A599F3B00AA761B /* Project object */;
}
